// !$*UTF8*$!
{
	archiveVersion = 1;
	classes = {
	};
	objectVersion = 46;
	objects = {

/* Begin PBXBuildFile section */
		4F0CBADF1A9D324800C63FAF /* InterfaceController.swift in Sources */ = {isa = PBXBuildFile; fileRef = 4F0CBADE1A9D324800C63FAF /* InterfaceController.swift */; };
		4F0CBAE11A9D324800C63FAF /* Images.xcassets in Resources */ = {isa = PBXBuildFile; fileRef = 4F0CBAE01A9D324800C63FAF /* Images.xcassets */; };
		4F0CBAE51A9D324800C63FAF /* MovieStarts WatchKit App.app in Resources */ = {isa = PBXBuildFile; fileRef = 4F0CBAE41A9D324800C63FAF /* MovieStarts WatchKit App.app */; };
		4F0CBAED1A9D324800C63FAF /* Interface.storyboard in Resources */ = {isa = PBXBuildFile; fileRef = 4F0CBAEB1A9D324800C63FAF /* Interface.storyboard */; };
		4F0CBAEF1A9D324800C63FAF /* Images.xcassets in Resources */ = {isa = PBXBuildFile; fileRef = 4F0CBAEE1A9D324800C63FAF /* Images.xcassets */; };
		4F0CBAF21A9D324800C63FAF /* MovieStarts WatchKit Extension.appex in Embed App Extensions */ = {isa = PBXBuildFile; fileRef = 4F0CBADA1A9D324800C63FAF /* MovieStarts WatchKit Extension.appex */; settings = {ATTRIBUTES = (RemoveHeadersOnCopy, ); }; };
		4F0CBAFC1A9D33F300C63FAF /* icon24@2x.png in Resources */ = {isa = PBXBuildFile; fileRef = 4F0CBAFA1A9D33F300C63FAF /* icon24@2x.png */; };
		4F0CBAFD1A9D33F300C63FAF /* icon27.5@2x.png in Resources */ = {isa = PBXBuildFile; fileRef = 4F0CBAFB1A9D33F300C63FAF /* icon27.5@2x.png */; };
		4F0CBB001A9D346700C63FAF /* icon29@2x.png in Resources */ = {isa = PBXBuildFile; fileRef = 4F0CBAFE1A9D346700C63FAF /* icon29@2x.png */; };
		4F0CBB011A9D346700C63FAF /* icon29@3x.png in Resources */ = {isa = PBXBuildFile; fileRef = 4F0CBAFF1A9D346700C63FAF /* icon29@3x.png */; };
		4F0CBB071A9D353800C63FAF /* icon86@2x.png in Resources */ = {isa = PBXBuildFile; fileRef = 4F0CBB031A9D353800C63FAF /* icon86@2x.png */; };
		4F0CBB081A9D353800C63FAF /* icon40@2x.png in Resources */ = {isa = PBXBuildFile; fileRef = 4F0CBB041A9D353800C63FAF /* icon40@2x.png */; };
		4F0CBB091A9D353800C63FAF /* icon98@2x.png in Resources */ = {isa = PBXBuildFile; fileRef = 4F0CBB051A9D353800C63FAF /* icon98@2x.png */; };
		4F0CBB0A1A9D353800C63FAF /* icon44@2x.png in Resources */ = {isa = PBXBuildFile; fileRef = 4F0CBB061A9D353800C63FAF /* icon44@2x.png */; };
		4F0CBB0C1A9DC0BD00C63FAF /* CloudKit.framework in Frameworks */ = {isa = PBXBuildFile; fileRef = 4FAFF8EB1A8C002B00864078 /* CloudKit.framework */; };
		4F2C91141B621BE70044A27B /* DatabaseHelperTests.swift in Sources */ = {isa = PBXBuildFile; fileRef = 4F2C91131B621BE70044A27B /* DatabaseHelperTests.swift */; };
		4F2C91161B622FC40044A27B /* MovieRecordTests.swift in Sources */ = {isa = PBXBuildFile; fileRef = 4F2C91151B622FC40044A27B /* MovieRecordTests.swift */; };
		4F3EC6D41B20ACB4003C48E4 /* CertificateLogo.swift in Sources */ = {isa = PBXBuildFile; fileRef = 4F3EC6D31B20ACB4003C48E4 /* CertificateLogo.swift */; };
		4F3EC6E91B23580A003C48E4 /* certificateNR@2x.png in Resources */ = {isa = PBXBuildFile; fileRef = 4F3EC6D51B23580A003C48E4 /* certificateNR@2x.png */; };
		4F3EC6EA1B23580A003C48E4 /* certificateNR.png in Resources */ = {isa = PBXBuildFile; fileRef = 4F3EC6D61B23580A003C48E4 /* certificateNR.png */; };
		4F3EC6EB1B23580A003C48E4 /* certificateG.png in Resources */ = {isa = PBXBuildFile; fileRef = 4F3EC6D71B23580A003C48E4 /* certificateG.png */; };
		4F3EC6EC1B23580A003C48E4 /* certificateR@4x.png in Resources */ = {isa = PBXBuildFile; fileRef = 4F3EC6D81B23580A003C48E4 /* certificateR@4x.png */; };
		4F3EC6ED1B23580A003C48E4 /* certificatePG.png in Resources */ = {isa = PBXBuildFile; fileRef = 4F3EC6D91B23580A003C48E4 /* certificatePG.png */; };
		4F3EC6EE1B23580A003C48E4 /* certificateNR@4x.png in Resources */ = {isa = PBXBuildFile; fileRef = 4F3EC6DA1B23580A003C48E4 /* certificateNR@4x.png */; };
		4F3EC6EF1B23580A003C48E4 /* certificateG@3x.png in Resources */ = {isa = PBXBuildFile; fileRef = 4F3EC6DB1B23580A003C48E4 /* certificateG@3x.png */; };
		4F3EC6F01B23580A003C48E4 /* certificatePG-13@4x.png in Resources */ = {isa = PBXBuildFile; fileRef = 4F3EC6DC1B23580A003C48E4 /* certificatePG-13@4x.png */; };
		4F3EC6F11B23580A003C48E4 /* certificateNR@3x.png in Resources */ = {isa = PBXBuildFile; fileRef = 4F3EC6DD1B23580A003C48E4 /* certificateNR@3x.png */; };
		4F3EC6F21B23580A003C48E4 /* certificatePG-13@3x.png in Resources */ = {isa = PBXBuildFile; fileRef = 4F3EC6DE1B23580A003C48E4 /* certificatePG-13@3x.png */; };
		4F3EC6F31B23580A003C48E4 /* certificateR.png in Resources */ = {isa = PBXBuildFile; fileRef = 4F3EC6DF1B23580A003C48E4 /* certificateR.png */; };
		4F3EC6F41B23580A003C48E4 /* certificatePG-13@2x.png in Resources */ = {isa = PBXBuildFile; fileRef = 4F3EC6E01B23580A003C48E4 /* certificatePG-13@2x.png */; };
		4F3EC6F51B23580A003C48E4 /* certificatePG@2x.png in Resources */ = {isa = PBXBuildFile; fileRef = 4F3EC6E11B23580A003C48E4 /* certificatePG@2x.png */; };
		4F3EC6F61B23580A003C48E4 /* certificatePG-13.png in Resources */ = {isa = PBXBuildFile; fileRef = 4F3EC6E21B23580A003C48E4 /* certificatePG-13.png */; };
		4F3EC6F71B23580A003C48E4 /* certificateR@2x.png in Resources */ = {isa = PBXBuildFile; fileRef = 4F3EC6E31B23580A003C48E4 /* certificateR@2x.png */; };
		4F3EC6F81B23580A003C48E4 /* certificateG@4x.png in Resources */ = {isa = PBXBuildFile; fileRef = 4F3EC6E41B23580A003C48E4 /* certificateG@4x.png */; };
		4F3EC6F91B23580A003C48E4 /* certificatePG@4x.png in Resources */ = {isa = PBXBuildFile; fileRef = 4F3EC6E51B23580A003C48E4 /* certificatePG@4x.png */; };
		4F3EC6FA1B23580A003C48E4 /* certificateG@2x.png in Resources */ = {isa = PBXBuildFile; fileRef = 4F3EC6E61B23580A003C48E4 /* certificateG@2x.png */; };
		4F3EC6FB1B23580A003C48E4 /* certificateR@3x.png in Resources */ = {isa = PBXBuildFile; fileRef = 4F3EC6E71B23580A003C48E4 /* certificateR@3x.png */; };
		4F3EC6FC1B23580A003C48E4 /* certificatePG@3x.png in Resources */ = {isa = PBXBuildFile; fileRef = 4F3EC6E81B23580A003C48E4 /* certificatePG@3x.png */; };
		4F3EC7001B24A147003C48E4 /* WebViewController.swift in Sources */ = {isa = PBXBuildFile; fileRef = 4F3EC6FF1B24A147003C48E4 /* WebViewController.swift */; };
		4F3EC7071B24B35B003C48E4 /* WebViewRefresh@2x.png in Resources */ = {isa = PBXBuildFile; fileRef = 4F3EC7011B24B35B003C48E4 /* WebViewRefresh@2x.png */; };
		4F3EC7081B24B35B003C48E4 /* WebViewForward@2x.png in Resources */ = {isa = PBXBuildFile; fileRef = 4F3EC7021B24B35B003C48E4 /* WebViewForward@2x.png */; };
		4F3EC7091B24B35B003C48E4 /* WebViewBack@2x.png in Resources */ = {isa = PBXBuildFile; fileRef = 4F3EC7031B24B35B003C48E4 /* WebViewBack@2x.png */; };
		4F3EC70A1B24B35B003C48E4 /* WebViewForward.png in Resources */ = {isa = PBXBuildFile; fileRef = 4F3EC7041B24B35B003C48E4 /* WebViewForward.png */; };
		4F3EC70B1B24B35B003C48E4 /* WebViewRefresh.png in Resources */ = {isa = PBXBuildFile; fileRef = 4F3EC7051B24B35B003C48E4 /* WebViewRefresh.png */; };
		4F3EC70C1B24B35B003C48E4 /* WebViewBack.png in Resources */ = {isa = PBXBuildFile; fileRef = 4F3EC7061B24B35B003C48E4 /* WebViewBack.png */; };
		4F63E61E1A992BCA00528FB3 /* DatabaseHelper.swift in Sources */ = {isa = PBXBuildFile; fileRef = 4F63E61D1A992BCA00528FB3 /* DatabaseHelper.swift */; };
		4F63E6211A99CB5D00528FB3 /* Localizable.strings in Resources */ = {isa = PBXBuildFile; fileRef = 4F63E6231A99CB5D00528FB3 /* Localizable.strings */; };
		4F63E6291A9A3E1100528FB3 /* LaunchBackground.jpg in Resources */ = {isa = PBXBuildFile; fileRef = 4F63E6281A9A3E1100528FB3 /* LaunchBackground.jpg */; };
		4F63E62E1A9A416100528FB3 /* LaunchLogo@2x.png in Resources */ = {isa = PBXBuildFile; fileRef = 4F63E62B1A9A416100528FB3 /* LaunchLogo@2x.png */; };
		4F63E62F1A9A416100528FB3 /* LaunchLogo.png in Resources */ = {isa = PBXBuildFile; fileRef = 4F63E62C1A9A416100528FB3 /* LaunchLogo.png */; };
		4F63E6301A9A416100528FB3 /* LaunchLogo@3x.png in Resources */ = {isa = PBXBuildFile; fileRef = 4F63E62D1A9A416100528FB3 /* LaunchLogo@3x.png */; };
		4F63E6391A9A8CD100528FB3 /* icon29@3x.png in Resources */ = {isa = PBXBuildFile; fileRef = 4F63E6331A9A8CD100528FB3 /* icon29@3x.png */; };
		4F63E63A1A9A8CD100528FB3 /* icon40@3x.png in Resources */ = {isa = PBXBuildFile; fileRef = 4F63E6341A9A8CD100528FB3 /* icon40@3x.png */; };
		4F63E63B1A9A8CD100528FB3 /* icon40@2x.png in Resources */ = {isa = PBXBuildFile; fileRef = 4F63E6351A9A8CD100528FB3 /* icon40@2x.png */; };
		4F63E63C1A9A8CD100528FB3 /* icon60@3x.png in Resources */ = {isa = PBXBuildFile; fileRef = 4F63E6361A9A8CD100528FB3 /* icon60@3x.png */; };
		4F63E63D1A9A8CD100528FB3 /* icon60@2x.png in Resources */ = {isa = PBXBuildFile; fileRef = 4F63E6371A9A8CD100528FB3 /* icon60@2x.png */; };
		4F63E63E1A9A8CD100528FB3 /* icon29@2x.png in Resources */ = {isa = PBXBuildFile; fileRef = 4F63E6381A9A8CD100528FB3 /* icon29@2x.png */; };
		4F63E6401A9D24BA00528FB3 /* StartViewController.swift in Sources */ = {isa = PBXBuildFile; fileRef = 4F63E63F1A9D24BA00528FB3 /* StartViewController.swift */; };
		4F63E6421A9D2A8B00528FB3 /* TabBarController.swift in Sources */ = {isa = PBXBuildFile; fileRef = 4F63E6411A9D2A8B00528FB3 /* TabBarController.swift */; };
		4F6914821A8C041D00B8FFCE /* MovieTableViewController.swift in Sources */ = {isa = PBXBuildFile; fileRef = 4F6914811A8C041D00B8FFCE /* MovieTableViewController.swift */; };
		4F69148C1A8C085300B8FFCE /* Video@3x.png in Resources */ = {isa = PBXBuildFile; fileRef = 4F6914831A8C085300B8FFCE /* Video@3x.png */; };
		4F69148E1A8C085300B8FFCE /* Calendar.png in Resources */ = {isa = PBXBuildFile; fileRef = 4F6914851A8C085300B8FFCE /* Calendar.png */; };
		4F69148F1A8C085300B8FFCE /* Calendar@2x.png in Resources */ = {isa = PBXBuildFile; fileRef = 4F6914861A8C085300B8FFCE /* Calendar@2x.png */; };
		4F6914901A8C085300B8FFCE /* Settings@2x.png in Resources */ = {isa = PBXBuildFile; fileRef = 4F6914871A8C085300B8FFCE /* Settings@2x.png */; };
		4F6914911A8C085300B8FFCE /* Video.png in Resources */ = {isa = PBXBuildFile; fileRef = 4F6914881A8C085300B8FFCE /* Video.png */; };
		4F6914921A8C085300B8FFCE /* Settings@3x.png in Resources */ = {isa = PBXBuildFile; fileRef = 4F6914891A8C085300B8FFCE /* Settings@3x.png */; };
		4F6914931A8C085300B8FFCE /* Settings.png in Resources */ = {isa = PBXBuildFile; fileRef = 4F69148A1A8C085300B8FFCE /* Settings.png */; };
		4F6914941A8C085300B8FFCE /* Video@2x.png in Resources */ = {isa = PBXBuildFile; fileRef = 4F69148B1A8C085300B8FFCE /* Video@2x.png */; };
		4F6914961A8C09BA00B8FFCE /* UpcomingTableViewController.swift in Sources */ = {isa = PBXBuildFile; fileRef = 4F6914951A8C09BA00B8FFCE /* UpcomingTableViewController.swift */; };
		4F6914981A8C09D300B8FFCE /* SettingsViewController.swift in Sources */ = {isa = PBXBuildFile; fileRef = 4F6914971A8C09D300B8FFCE /* SettingsViewController.swift */; };
		4F6F78F81AB2D92A0023246F /* WatchKitUtil.swift in Sources */ = {isa = PBXBuildFile; fileRef = 4F6F78F71AB2D92A0023246F /* WatchKitUtil.swift */; };
		4F6F78FB1AB3867D0023246F /* MovieDateRow.swift in Sources */ = {isa = PBXBuildFile; fileRef = 4F6F78FA1AB3867D0023246F /* MovieDateRow.swift */; };
		4F6F78FD1AB388090023246F /* MovieListRowUpcoming.swift in Sources */ = {isa = PBXBuildFile; fileRef = 4F6F78FC1AB388090023246F /* MovieListRowUpcoming.swift */; };
		4F7B49D51B04B77100F54454 /* MovieViewController.swift in Sources */ = {isa = PBXBuildFile; fileRef = 4F7B49D41B04B77100F54454 /* MovieViewController.swift */; };
		4F7CCA581AB5ED6600A81FA8 /* DetailRow.swift in Sources */ = {isa = PBXBuildFile; fileRef = 4F7CCA571AB5ED6600A81FA8 /* DetailRow.swift */; };
		4F7CCA5A1AB5EE0000A81FA8 /* DetailInterfaceController.swift in Sources */ = {isa = PBXBuildFile; fileRef = 4F7CCA591AB5EE0000A81FA8 /* DetailInterfaceController.swift */; };
		4F8577521AAA469400638FB0 /* MovieRecord.swift in Sources */ = {isa = PBXBuildFile; fileRef = 4FECDF211A9096A700F84A52 /* MovieRecord.swift */; };
		4F8577531AAA4AE700638FB0 /* Constants.swift in Sources */ = {isa = PBXBuildFile; fileRef = 4F87F9251A8DEE31001869A1 /* Constants.swift */; };
		4F87F9261A8DEE31001869A1 /* Constants.swift in Sources */ = {isa = PBXBuildFile; fileRef = 4F87F9251A8DEE31001869A1 /* Constants.swift */; };
		4F8ED3EC1B4442C7008C24FE /* MovieTableViewCell.swift in Sources */ = {isa = PBXBuildFile; fileRef = 4F8ED3EA1B4442C7008C24FE /* MovieTableViewCell.swift */; };
		4F8ED3ED1B4442C7008C24FE /* MovieTableViewCell.xib in Resources */ = {isa = PBXBuildFile; fileRef = 4F8ED3EB1B4442C7008C24FE /* MovieTableViewCell.xib */; };
		4F8ED3EF1B444B43008C24FE /* noposter.png in Resources */ = {isa = PBXBuildFile; fileRef = 4F8ED3EE1B444B43008C24FE /* noposter.png */; };
		4F94A93D1AA84E1000E5F27F /* Calendar@3x.png in Resources */ = {isa = PBXBuildFile; fileRef = 4F94A93C1AA84E1000E5F27F /* Calendar@3x.png */; };
		4F94A9501AA8660300E5F27F /* WatchVideo1.png in Resources */ = {isa = PBXBuildFile; fileRef = 4F94A9441AA8660300E5F27F /* WatchVideo1.png */; };
		4F94A9511AA8660300E5F27F /* WatchVideo1@2x.png in Resources */ = {isa = PBXBuildFile; fileRef = 4F94A9451AA8660300E5F27F /* WatchVideo1@2x.png */; };
		4F94A9531AA8660300E5F27F /* WatchVideo2.png in Resources */ = {isa = PBXBuildFile; fileRef = 4F94A9471AA8660300E5F27F /* WatchVideo2.png */; };
		4F94A9541AA8660300E5F27F /* WatchVideo2@2x.png in Resources */ = {isa = PBXBuildFile; fileRef = 4F94A9481AA8660300E5F27F /* WatchVideo2@2x.png */; };
		4F94A95C1AA8663800E5F27F /* WatchCalendar.png in Resources */ = {isa = PBXBuildFile; fileRef = 4F94A9591AA8663800E5F27F /* WatchCalendar.png */; };
		4F94A95D1AA8663800E5F27F /* WatchCalendar@2x.png in Resources */ = {isa = PBXBuildFile; fileRef = 4F94A95A1AA8663800E5F27F /* WatchCalendar@2x.png */; };
		4F94A9601AA9981800E5F27F /* NowInterfaceController.swift in Sources */ = {isa = PBXBuildFile; fileRef = 4F94A95F1AA9981800E5F27F /* NowInterfaceController.swift */; };
		4F94A9621AA9982E00E5F27F /* UpcomingInterfaceController.swift in Sources */ = {isa = PBXBuildFile; fileRef = 4F94A9611AA9982E00E5F27F /* UpcomingInterfaceController.swift */; };
		4F94A9641AA99A4300E5F27F /* MovieListRowNow.swift in Sources */ = {isa = PBXBuildFile; fileRef = 4F94A9631AA99A4300E5F27F /* MovieListRowNow.swift */; };
		4FAE075B1B555615009C7507 /* NowTableViewController.swift in Sources */ = {isa = PBXBuildFile; fileRef = 4FAE075A1B555615009C7507 /* NowTableViewController.swift */; };
		4FAFF8C91A8BFFE500864078 /* AppDelegate.swift in Sources */ = {isa = PBXBuildFile; fileRef = 4FAFF8C81A8BFFE500864078 /* AppDelegate.swift */; };
		4FAFF8D01A8BFFE500864078 /* Main.storyboard in Resources */ = {isa = PBXBuildFile; fileRef = 4FAFF8CE1A8BFFE500864078 /* Main.storyboard */; };
		4FAFF8D21A8BFFE500864078 /* Images.xcassets in Resources */ = {isa = PBXBuildFile; fileRef = 4FAFF8D11A8BFFE500864078 /* Images.xcassets */; };
		4FAFF8D51A8BFFE500864078 /* LaunchScreen.xib in Resources */ = {isa = PBXBuildFile; fileRef = 4FAFF8D31A8BFFE500864078 /* LaunchScreen.xib */; };
		4FAFF8EC1A8C002B00864078 /* CloudKit.framework in Frameworks */ = {isa = PBXBuildFile; fileRef = 4FAFF8EB1A8C002B00864078 /* CloudKit.framework */; };
		4FB45DB11AA843AA00B45979 /* StartSceneTableRow.swift in Sources */ = {isa = PBXBuildFile; fileRef = 4FB45DB01AA843AA00B45979 /* StartSceneTableRow.swift */; };
		4FE0FC961AB605A5008A30F5 /* Localizable.strings in Resources */ = {isa = PBXBuildFile; fileRef = 4F63E6231A99CB5D00528FB3 /* Localizable.strings */; };
		4FECDF201A8FE27D00F84A52 /* Database.swift in Sources */ = {isa = PBXBuildFile; fileRef = 4FECDF1F1A8FE27D00F84A52 /* Database.swift */; };
		4FECDF221A9096A700F84A52 /* MovieRecord.swift in Sources */ = {isa = PBXBuildFile; fileRef = 4FECDF211A9096A700F84A52 /* MovieRecord.swift */; };
		4FEF429D1B1F701F00AF0E16 /* certificateNC-17@3x.png in Resources */ = {isa = PBXBuildFile; fileRef = 4FEF42991B1F701F00AF0E16 /* certificateNC-17@3x.png */; };
		4FEF429E1B1F701F00AF0E16 /* certificateNC-17.png in Resources */ = {isa = PBXBuildFile; fileRef = 4FEF429A1B1F701F00AF0E16 /* certificateNC-17.png */; };
		4FEF429F1B1F701F00AF0E16 /* certificateNC-17@4x.png in Resources */ = {isa = PBXBuildFile; fileRef = 4FEF429B1B1F701F00AF0E16 /* certificateNC-17@4x.png */; };
		4FEF42A01B1F701F00AF0E16 /* certificateNC-17@2x.png in Resources */ = {isa = PBXBuildFile; fileRef = 4FEF429C1B1F701F00AF0E16 /* certificateNC-17@2x.png */; };
/* End PBXBuildFile section */

/* Begin PBXContainerItemProxy section */
		4F0CBAE61A9D324800C63FAF /* PBXContainerItemProxy */ = {
			isa = PBXContainerItemProxy;
			containerPortal = 4FAFF8BB1A8BFFE500864078 /* Project object */;
			proxyType = 1;
			remoteGlobalIDString = 4F0CBAE31A9D324800C63FAF;
			remoteInfo = "MovieStarts WatchKit App";
		};
		4F0CBAF01A9D324800C63FAF /* PBXContainerItemProxy */ = {
			isa = PBXContainerItemProxy;
			containerPortal = 4FAFF8BB1A8BFFE500864078 /* Project object */;
			proxyType = 1;
			remoteGlobalIDString = 4F0CBAD91A9D324800C63FAF;
			remoteInfo = "MovieStarts WatchKit Extension";
		};
		4F2C910E1B6216F50044A27B /* PBXContainerItemProxy */ = {
			isa = PBXContainerItemProxy;
			containerPortal = 4FAFF8BB1A8BFFE500864078 /* Project object */;
			proxyType = 1;
			remoteGlobalIDString = 4FAFF8C21A8BFFE500864078;
			remoteInfo = MovieStarts;
		};
/* End PBXContainerItemProxy section */

/* Begin PBXCopyFilesBuildPhase section */
		4F0CBAF91A9D324800C63FAF /* Embed App Extensions */ = {
			isa = PBXCopyFilesBuildPhase;
			buildActionMask = 2147483647;
			dstPath = "";
			dstSubfolderSpec = 13;
			files = (
				4F0CBAF21A9D324800C63FAF /* MovieStarts WatchKit Extension.appex in Embed App Extensions */,
			);
			name = "Embed App Extensions";
			runOnlyForDeploymentPostprocessing = 0;
		};
/* End PBXCopyFilesBuildPhase section */

/* Begin PBXFileReference section */
		4F0CBADA1A9D324800C63FAF /* MovieStarts WatchKit Extension.appex */ = {isa = PBXFileReference; explicitFileType = "wrapper.app-extension"; includeInIndex = 0; path = "MovieStarts WatchKit Extension.appex"; sourceTree = BUILT_PRODUCTS_DIR; };
		4F0CBADD1A9D324800C63FAF /* Info.plist */ = {isa = PBXFileReference; lastKnownFileType = text.plist.xml; path = Info.plist; sourceTree = "<group>"; };
		4F0CBADE1A9D324800C63FAF /* InterfaceController.swift */ = {isa = PBXFileReference; lastKnownFileType = sourcecode.swift; path = InterfaceController.swift; sourceTree = "<group>"; };
		4F0CBAE01A9D324800C63FAF /* Images.xcassets */ = {isa = PBXFileReference; lastKnownFileType = folder.assetcatalog; path = Images.xcassets; sourceTree = "<group>"; };
		4F0CBAE41A9D324800C63FAF /* MovieStarts WatchKit App.app */ = {isa = PBXFileReference; explicitFileType = wrapper.application; includeInIndex = 0; path = "MovieStarts WatchKit App.app"; sourceTree = BUILT_PRODUCTS_DIR; };
		4F0CBAEA1A9D324800C63FAF /* Info.plist */ = {isa = PBXFileReference; lastKnownFileType = text.plist.xml; path = Info.plist; sourceTree = "<group>"; };
		4F0CBAEC1A9D324800C63FAF /* Base */ = {isa = PBXFileReference; lastKnownFileType = file.storyboard; name = Base; path = Base.lproj/Interface.storyboard; sourceTree = "<group>"; };
		4F0CBAEE1A9D324800C63FAF /* Images.xcassets */ = {isa = PBXFileReference; lastKnownFileType = folder.assetcatalog; path = Images.xcassets; sourceTree = "<group>"; };
		4F0CBAFA1A9D33F300C63FAF /* icon24@2x.png */ = {isa = PBXFileReference; lastKnownFileType = image.png; path = "icon24@2x.png"; sourceTree = "<group>"; };
		4F0CBAFB1A9D33F300C63FAF /* icon27.5@2x.png */ = {isa = PBXFileReference; lastKnownFileType = image.png; path = "icon27.5@2x.png"; sourceTree = "<group>"; };
		4F0CBAFE1A9D346700C63FAF /* icon29@2x.png */ = {isa = PBXFileReference; lastKnownFileType = image.png; path = "icon29@2x.png"; sourceTree = "<group>"; };
		4F0CBAFF1A9D346700C63FAF /* icon29@3x.png */ = {isa = PBXFileReference; lastKnownFileType = image.png; path = "icon29@3x.png"; sourceTree = "<group>"; };
		4F0CBB031A9D353800C63FAF /* icon86@2x.png */ = {isa = PBXFileReference; lastKnownFileType = image.png; path = "icon86@2x.png"; sourceTree = "<group>"; };
		4F0CBB041A9D353800C63FAF /* icon40@2x.png */ = {isa = PBXFileReference; lastKnownFileType = image.png; path = "icon40@2x.png"; sourceTree = "<group>"; };
		4F0CBB051A9D353800C63FAF /* icon98@2x.png */ = {isa = PBXFileReference; lastKnownFileType = image.png; path = "icon98@2x.png"; sourceTree = "<group>"; };
		4F0CBB061A9D353800C63FAF /* icon44@2x.png */ = {isa = PBXFileReference; lastKnownFileType = image.png; path = "icon44@2x.png"; sourceTree = "<group>"; };
		4F0CBB0B1A9DC0A600C63FAF /* MovieStarts WatchKit Extension.entitlements */ = {isa = PBXFileReference; lastKnownFileType = text.xml; path = "MovieStarts WatchKit Extension.entitlements"; sourceTree = "<group>"; };
		4F2C91081B6216F50044A27B /* MovieStartsTests.xctest */ = {isa = PBXFileReference; explicitFileType = wrapper.cfbundle; includeInIndex = 0; path = MovieStartsTests.xctest; sourceTree = BUILT_PRODUCTS_DIR; };
		4F2C910B1B6216F50044A27B /* Info.plist */ = {isa = PBXFileReference; lastKnownFileType = text.plist.xml; path = Info.plist; sourceTree = "<group>"; };
		4F2C91131B621BE70044A27B /* DatabaseHelperTests.swift */ = {isa = PBXFileReference; fileEncoding = 4; lastKnownFileType = sourcecode.swift; path = DatabaseHelperTests.swift; sourceTree = "<group>"; };
		4F2C91151B622FC40044A27B /* MovieRecordTests.swift */ = {isa = PBXFileReference; fileEncoding = 4; lastKnownFileType = sourcecode.swift; path = MovieRecordTests.swift; sourceTree = "<group>"; };
		4F3EC6D31B20ACB4003C48E4 /* CertificateLogo.swift */ = {isa = PBXFileReference; fileEncoding = 4; lastKnownFileType = sourcecode.swift; path = CertificateLogo.swift; sourceTree = "<group>"; };
		4F3EC6D51B23580A003C48E4 /* certificateNR@2x.png */ = {isa = PBXFileReference; lastKnownFileType = image.png; path = "certificateNR@2x.png"; sourceTree = "<group>"; };
		4F3EC6D61B23580A003C48E4 /* certificateNR.png */ = {isa = PBXFileReference; lastKnownFileType = image.png; path = certificateNR.png; sourceTree = "<group>"; };
		4F3EC6D71B23580A003C48E4 /* certificateG.png */ = {isa = PBXFileReference; lastKnownFileType = image.png; path = certificateG.png; sourceTree = "<group>"; };
		4F3EC6D81B23580A003C48E4 /* certificateR@4x.png */ = {isa = PBXFileReference; lastKnownFileType = image.png; path = "certificateR@4x.png"; sourceTree = "<group>"; };
		4F3EC6D91B23580A003C48E4 /* certificatePG.png */ = {isa = PBXFileReference; lastKnownFileType = image.png; path = certificatePG.png; sourceTree = "<group>"; };
		4F3EC6DA1B23580A003C48E4 /* certificateNR@4x.png */ = {isa = PBXFileReference; lastKnownFileType = image.png; path = "certificateNR@4x.png"; sourceTree = "<group>"; };
		4F3EC6DB1B23580A003C48E4 /* certificateG@3x.png */ = {isa = PBXFileReference; lastKnownFileType = image.png; path = "certificateG@3x.png"; sourceTree = "<group>"; };
		4F3EC6DC1B23580A003C48E4 /* certificatePG-13@4x.png */ = {isa = PBXFileReference; lastKnownFileType = image.png; path = "certificatePG-13@4x.png"; sourceTree = "<group>"; };
		4F3EC6DD1B23580A003C48E4 /* certificateNR@3x.png */ = {isa = PBXFileReference; lastKnownFileType = image.png; path = "certificateNR@3x.png"; sourceTree = "<group>"; };
		4F3EC6DE1B23580A003C48E4 /* certificatePG-13@3x.png */ = {isa = PBXFileReference; lastKnownFileType = image.png; path = "certificatePG-13@3x.png"; sourceTree = "<group>"; };
		4F3EC6DF1B23580A003C48E4 /* certificateR.png */ = {isa = PBXFileReference; lastKnownFileType = image.png; path = certificateR.png; sourceTree = "<group>"; };
		4F3EC6E01B23580A003C48E4 /* certificatePG-13@2x.png */ = {isa = PBXFileReference; lastKnownFileType = image.png; path = "certificatePG-13@2x.png"; sourceTree = "<group>"; };
		4F3EC6E11B23580A003C48E4 /* certificatePG@2x.png */ = {isa = PBXFileReference; lastKnownFileType = image.png; path = "certificatePG@2x.png"; sourceTree = "<group>"; };
		4F3EC6E21B23580A003C48E4 /* certificatePG-13.png */ = {isa = PBXFileReference; lastKnownFileType = image.png; path = "certificatePG-13.png"; sourceTree = "<group>"; };
		4F3EC6E31B23580A003C48E4 /* certificateR@2x.png */ = {isa = PBXFileReference; lastKnownFileType = image.png; path = "certificateR@2x.png"; sourceTree = "<group>"; };
		4F3EC6E41B23580A003C48E4 /* certificateG@4x.png */ = {isa = PBXFileReference; lastKnownFileType = image.png; path = "certificateG@4x.png"; sourceTree = "<group>"; };
		4F3EC6E51B23580A003C48E4 /* certificatePG@4x.png */ = {isa = PBXFileReference; lastKnownFileType = image.png; path = "certificatePG@4x.png"; sourceTree = "<group>"; };
		4F3EC6E61B23580A003C48E4 /* certificateG@2x.png */ = {isa = PBXFileReference; lastKnownFileType = image.png; path = "certificateG@2x.png"; sourceTree = "<group>"; };
		4F3EC6E71B23580A003C48E4 /* certificateR@3x.png */ = {isa = PBXFileReference; lastKnownFileType = image.png; path = "certificateR@3x.png"; sourceTree = "<group>"; };
		4F3EC6E81B23580A003C48E4 /* certificatePG@3x.png */ = {isa = PBXFileReference; lastKnownFileType = image.png; path = "certificatePG@3x.png"; sourceTree = "<group>"; };
		4F3EC6FF1B24A147003C48E4 /* WebViewController.swift */ = {isa = PBXFileReference; fileEncoding = 4; lastKnownFileType = sourcecode.swift; path = WebViewController.swift; sourceTree = "<group>"; };
		4F3EC7011B24B35B003C48E4 /* WebViewRefresh@2x.png */ = {isa = PBXFileReference; lastKnownFileType = image.png; path = "WebViewRefresh@2x.png"; sourceTree = "<group>"; };
		4F3EC7021B24B35B003C48E4 /* WebViewForward@2x.png */ = {isa = PBXFileReference; lastKnownFileType = image.png; path = "WebViewForward@2x.png"; sourceTree = "<group>"; };
		4F3EC7031B24B35B003C48E4 /* WebViewBack@2x.png */ = {isa = PBXFileReference; lastKnownFileType = image.png; path = "WebViewBack@2x.png"; sourceTree = "<group>"; };
		4F3EC7041B24B35B003C48E4 /* WebViewForward.png */ = {isa = PBXFileReference; lastKnownFileType = image.png; path = WebViewForward.png; sourceTree = "<group>"; };
		4F3EC7051B24B35B003C48E4 /* WebViewRefresh.png */ = {isa = PBXFileReference; lastKnownFileType = image.png; path = WebViewRefresh.png; sourceTree = "<group>"; };
		4F3EC7061B24B35B003C48E4 /* WebViewBack.png */ = {isa = PBXFileReference; lastKnownFileType = image.png; path = WebViewBack.png; sourceTree = "<group>"; };
		4F63E61D1A992BCA00528FB3 /* DatabaseHelper.swift */ = {isa = PBXFileReference; fileEncoding = 4; lastKnownFileType = sourcecode.swift; path = DatabaseHelper.swift; sourceTree = "<group>"; };
		4F63E6251A99CB9E00528FB3 /* de */ = {isa = PBXFileReference; lastKnownFileType = text.plist.strings; name = de; path = de.lproj/Localizable.strings; sourceTree = "<group>"; };
		4F63E6271A99CBD400528FB3 /* en */ = {isa = PBXFileReference; lastKnownFileType = text.plist.strings; name = en; path = en.lproj/Localizable.strings; sourceTree = "<group>"; };
		4F63E6281A9A3E1100528FB3 /* LaunchBackground.jpg */ = {isa = PBXFileReference; lastKnownFileType = image.jpeg; path = LaunchBackground.jpg; sourceTree = "<group>"; };
		4F63E62B1A9A416100528FB3 /* LaunchLogo@2x.png */ = {isa = PBXFileReference; lastKnownFileType = image.png; path = "LaunchLogo@2x.png"; sourceTree = "<group>"; };
		4F63E62C1A9A416100528FB3 /* LaunchLogo.png */ = {isa = PBXFileReference; lastKnownFileType = image.png; path = LaunchLogo.png; sourceTree = "<group>"; };
		4F63E62D1A9A416100528FB3 /* LaunchLogo@3x.png */ = {isa = PBXFileReference; lastKnownFileType = image.png; path = "LaunchLogo@3x.png"; sourceTree = "<group>"; };
		4F63E6331A9A8CD100528FB3 /* icon29@3x.png */ = {isa = PBXFileReference; lastKnownFileType = image.png; path = "icon29@3x.png"; sourceTree = "<group>"; };
		4F63E6341A9A8CD100528FB3 /* icon40@3x.png */ = {isa = PBXFileReference; lastKnownFileType = image.png; path = "icon40@3x.png"; sourceTree = "<group>"; };
		4F63E6351A9A8CD100528FB3 /* icon40@2x.png */ = {isa = PBXFileReference; lastKnownFileType = image.png; path = "icon40@2x.png"; sourceTree = "<group>"; };
		4F63E6361A9A8CD100528FB3 /* icon60@3x.png */ = {isa = PBXFileReference; lastKnownFileType = image.png; path = "icon60@3x.png"; sourceTree = "<group>"; };
		4F63E6371A9A8CD100528FB3 /* icon60@2x.png */ = {isa = PBXFileReference; lastKnownFileType = image.png; path = "icon60@2x.png"; sourceTree = "<group>"; };
		4F63E6381A9A8CD100528FB3 /* icon29@2x.png */ = {isa = PBXFileReference; lastKnownFileType = image.png; path = "icon29@2x.png"; sourceTree = "<group>"; };
		4F63E63F1A9D24BA00528FB3 /* StartViewController.swift */ = {isa = PBXFileReference; fileEncoding = 4; lastKnownFileType = sourcecode.swift; path = StartViewController.swift; sourceTree = "<group>"; };
		4F63E6411A9D2A8B00528FB3 /* TabBarController.swift */ = {isa = PBXFileReference; fileEncoding = 4; lastKnownFileType = sourcecode.swift; path = TabBarController.swift; sourceTree = "<group>"; };
		4F6914811A8C041D00B8FFCE /* MovieTableViewController.swift */ = {isa = PBXFileReference; fileEncoding = 4; lastKnownFileType = sourcecode.swift; path = MovieTableViewController.swift; sourceTree = "<group>"; };
		4F6914831A8C085300B8FFCE /* Video@3x.png */ = {isa = PBXFileReference; lastKnownFileType = image.png; path = "Video@3x.png"; sourceTree = "<group>"; };
		4F6914851A8C085300B8FFCE /* Calendar.png */ = {isa = PBXFileReference; lastKnownFileType = image.png; path = Calendar.png; sourceTree = "<group>"; };
		4F6914861A8C085300B8FFCE /* Calendar@2x.png */ = {isa = PBXFileReference; lastKnownFileType = image.png; path = "Calendar@2x.png"; sourceTree = "<group>"; };
		4F6914871A8C085300B8FFCE /* Settings@2x.png */ = {isa = PBXFileReference; lastKnownFileType = image.png; path = "Settings@2x.png"; sourceTree = "<group>"; };
		4F6914881A8C085300B8FFCE /* Video.png */ = {isa = PBXFileReference; lastKnownFileType = image.png; path = Video.png; sourceTree = "<group>"; };
		4F6914891A8C085300B8FFCE /* Settings@3x.png */ = {isa = PBXFileReference; lastKnownFileType = image.png; path = "Settings@3x.png"; sourceTree = "<group>"; };
		4F69148A1A8C085300B8FFCE /* Settings.png */ = {isa = PBXFileReference; lastKnownFileType = image.png; path = Settings.png; sourceTree = "<group>"; };
		4F69148B1A8C085300B8FFCE /* Video@2x.png */ = {isa = PBXFileReference; lastKnownFileType = image.png; path = "Video@2x.png"; sourceTree = "<group>"; };
		4F6914951A8C09BA00B8FFCE /* UpcomingTableViewController.swift */ = {isa = PBXFileReference; fileEncoding = 4; lastKnownFileType = sourcecode.swift; path = UpcomingTableViewController.swift; sourceTree = "<group>"; };
		4F6914971A8C09D300B8FFCE /* SettingsViewController.swift */ = {isa = PBXFileReference; fileEncoding = 4; lastKnownFileType = sourcecode.swift; path = SettingsViewController.swift; sourceTree = "<group>"; };
		4F6F78F71AB2D92A0023246F /* WatchKitUtil.swift */ = {isa = PBXFileReference; fileEncoding = 4; lastKnownFileType = sourcecode.swift; path = WatchKitUtil.swift; sourceTree = "<group>"; };
		4F6F78FA1AB3867D0023246F /* MovieDateRow.swift */ = {isa = PBXFileReference; fileEncoding = 4; lastKnownFileType = sourcecode.swift; path = MovieDateRow.swift; sourceTree = "<group>"; };
		4F6F78FC1AB388090023246F /* MovieListRowUpcoming.swift */ = {isa = PBXFileReference; fileEncoding = 4; lastKnownFileType = sourcecode.swift; path = MovieListRowUpcoming.swift; sourceTree = "<group>"; };
		4F7B49D41B04B77100F54454 /* MovieViewController.swift */ = {isa = PBXFileReference; fileEncoding = 4; lastKnownFileType = sourcecode.swift; name = MovieViewController.swift; path = ../MovieViewController.swift; sourceTree = "<group>"; };
		4F7CCA571AB5ED6600A81FA8 /* DetailRow.swift */ = {isa = PBXFileReference; fileEncoding = 4; lastKnownFileType = sourcecode.swift; path = DetailRow.swift; sourceTree = "<group>"; };
		4F7CCA591AB5EE0000A81FA8 /* DetailInterfaceController.swift */ = {isa = PBXFileReference; fileEncoding = 4; lastKnownFileType = sourcecode.swift; path = DetailInterfaceController.swift; sourceTree = "<group>"; };
		4F7F97201B53F7C100054F18 /* Reveal.framework */ = {isa = PBXFileReference; lastKnownFileType = wrapper.framework; name = Reveal.framework; path = "../../../../../../../Applications/Reveal.app/Contents/SharedSupport/iOS-Libraries/Reveal.framework"; sourceTree = "<group>"; };
		4F87F9251A8DEE31001869A1 /* Constants.swift */ = {isa = PBXFileReference; fileEncoding = 4; lastKnownFileType = sourcecode.swift; path = Constants.swift; sourceTree = "<group>"; };
		4F8ED3EA1B4442C7008C24FE /* MovieTableViewCell.swift */ = {isa = PBXFileReference; fileEncoding = 4; lastKnownFileType = sourcecode.swift; path = MovieTableViewCell.swift; sourceTree = "<group>"; };
		4F8ED3EB1B4442C7008C24FE /* MovieTableViewCell.xib */ = {isa = PBXFileReference; fileEncoding = 4; lastKnownFileType = file.xib; path = MovieTableViewCell.xib; sourceTree = "<group>"; };
		4F8ED3EE1B444B43008C24FE /* noposter.png */ = {isa = PBXFileReference; lastKnownFileType = image.png; path = noposter.png; sourceTree = "<group>"; };
		4F94A93C1AA84E1000E5F27F /* Calendar@3x.png */ = {isa = PBXFileReference; lastKnownFileType = image.png; path = "Calendar@3x.png"; sourceTree = "<group>"; };
		4F94A9441AA8660300E5F27F /* WatchVideo1.png */ = {isa = PBXFileReference; lastKnownFileType = image.png; path = WatchVideo1.png; sourceTree = "<group>"; };
		4F94A9451AA8660300E5F27F /* WatchVideo1@2x.png */ = {isa = PBXFileReference; lastKnownFileType = image.png; path = "WatchVideo1@2x.png"; sourceTree = "<group>"; };
		4F94A9471AA8660300E5F27F /* WatchVideo2.png */ = {isa = PBXFileReference; lastKnownFileType = image.png; path = WatchVideo2.png; sourceTree = "<group>"; };
		4F94A9481AA8660300E5F27F /* WatchVideo2@2x.png */ = {isa = PBXFileReference; lastKnownFileType = image.png; path = "WatchVideo2@2x.png"; sourceTree = "<group>"; };
		4F94A9591AA8663800E5F27F /* WatchCalendar.png */ = {isa = PBXFileReference; lastKnownFileType = image.png; path = WatchCalendar.png; sourceTree = "<group>"; };
		4F94A95A1AA8663800E5F27F /* WatchCalendar@2x.png */ = {isa = PBXFileReference; lastKnownFileType = image.png; path = "WatchCalendar@2x.png"; sourceTree = "<group>"; };
		4F94A95F1AA9981800E5F27F /* NowInterfaceController.swift */ = {isa = PBXFileReference; fileEncoding = 4; lastKnownFileType = sourcecode.swift; path = NowInterfaceController.swift; sourceTree = "<group>"; };
		4F94A9611AA9982E00E5F27F /* UpcomingInterfaceController.swift */ = {isa = PBXFileReference; fileEncoding = 4; lastKnownFileType = sourcecode.swift; path = UpcomingInterfaceController.swift; sourceTree = "<group>"; };
		4F94A9631AA99A4300E5F27F /* MovieListRowNow.swift */ = {isa = PBXFileReference; fileEncoding = 4; lastKnownFileType = sourcecode.swift; name = MovieListRowNow.swift; path = "../MovieStarts WatchKit App/MovieListRowNow.swift"; sourceTree = "<group>"; };
		4FAE075A1B555615009C7507 /* NowTableViewController.swift */ = {isa = PBXFileReference; fileEncoding = 4; lastKnownFileType = sourcecode.swift; path = NowTableViewController.swift; sourceTree = "<group>"; };
		4FAFF8C31A8BFFE500864078 /* MovieStarts.app */ = {isa = PBXFileReference; explicitFileType = wrapper.application; includeInIndex = 0; path = MovieStarts.app; sourceTree = BUILT_PRODUCTS_DIR; };
		4FAFF8C71A8BFFE500864078 /* Info.plist */ = {isa = PBXFileReference; lastKnownFileType = text.plist.xml; path = Info.plist; sourceTree = "<group>"; };
		4FAFF8C81A8BFFE500864078 /* AppDelegate.swift */ = {isa = PBXFileReference; lastKnownFileType = sourcecode.swift; path = AppDelegate.swift; sourceTree = "<group>"; };
		4FAFF8CF1A8BFFE500864078 /* Base */ = {isa = PBXFileReference; lastKnownFileType = file.storyboard; name = Base; path = Base.lproj/Main.storyboard; sourceTree = "<group>"; };
		4FAFF8D11A8BFFE500864078 /* Images.xcassets */ = {isa = PBXFileReference; lastKnownFileType = folder.assetcatalog; path = Images.xcassets; sourceTree = "<group>"; };
		4FAFF8D41A8BFFE500864078 /* Base */ = {isa = PBXFileReference; lastKnownFileType = file.xib; name = Base; path = Base.lproj/LaunchScreen.xib; sourceTree = "<group>"; };
		4FAFF8EA1A8C002800864078 /* MovieStarts.entitlements */ = {isa = PBXFileReference; lastKnownFileType = text.xml; path = MovieStarts.entitlements; sourceTree = "<group>"; };
		4FAFF8EB1A8C002B00864078 /* CloudKit.framework */ = {isa = PBXFileReference; lastKnownFileType = wrapper.framework; name = CloudKit.framework; path = System/Library/Frameworks/CloudKit.framework; sourceTree = SDKROOT; };
		4FB45DB01AA843AA00B45979 /* StartSceneTableRow.swift */ = {isa = PBXFileReference; fileEncoding = 4; lastKnownFileType = sourcecode.swift; name = StartSceneTableRow.swift; path = "../MovieStarts WatchKit App/StartSceneTableRow.swift"; sourceTree = "<group>"; };
		4FECDF1F1A8FE27D00F84A52 /* Database.swift */ = {isa = PBXFileReference; fileEncoding = 4; lastKnownFileType = sourcecode.swift; path = Database.swift; sourceTree = "<group>"; };
		4FECDF211A9096A700F84A52 /* MovieRecord.swift */ = {isa = PBXFileReference; fileEncoding = 4; lastKnownFileType = sourcecode.swift; path = MovieRecord.swift; sourceTree = "<group>"; };
		4FEF42991B1F701F00AF0E16 /* certificateNC-17@3x.png */ = {isa = PBXFileReference; lastKnownFileType = image.png; path = "certificateNC-17@3x.png"; sourceTree = "<group>"; };
		4FEF429A1B1F701F00AF0E16 /* certificateNC-17.png */ = {isa = PBXFileReference; lastKnownFileType = image.png; path = "certificateNC-17.png"; sourceTree = "<group>"; };
		4FEF429B1B1F701F00AF0E16 /* certificateNC-17@4x.png */ = {isa = PBXFileReference; lastKnownFileType = image.png; path = "certificateNC-17@4x.png"; sourceTree = "<group>"; };
		4FEF429C1B1F701F00AF0E16 /* certificateNC-17@2x.png */ = {isa = PBXFileReference; lastKnownFileType = image.png; path = "certificateNC-17@2x.png"; sourceTree = "<group>"; };
/* End PBXFileReference section */

/* Begin PBXFrameworksBuildPhase section */
		4F0CBAD71A9D324800C63FAF /* Frameworks */ = {
			isa = PBXFrameworksBuildPhase;
			buildActionMask = 2147483647;
			files = (
				4F0CBB0C1A9DC0BD00C63FAF /* CloudKit.framework in Frameworks */,
			);
			runOnlyForDeploymentPostprocessing = 0;
		};
		4F2C91051B6216F50044A27B /* Frameworks */ = {
			isa = PBXFrameworksBuildPhase;
			buildActionMask = 2147483647;
			files = (
			);
			runOnlyForDeploymentPostprocessing = 0;
		};
		4FAFF8C01A8BFFE500864078 /* Frameworks */ = {
			isa = PBXFrameworksBuildPhase;
			buildActionMask = 2147483647;
			files = (
				4FAFF8EC1A8C002B00864078 /* CloudKit.framework in Frameworks */,
			);
			runOnlyForDeploymentPostprocessing = 0;
		};
/* End PBXFrameworksBuildPhase section */

/* Begin PBXGroup section */
		4F0CBADB1A9D324800C63FAF /* MovieStarts WatchKit Extension */ = {
			isa = PBXGroup;
			children = (
				4F94A9401AA865D900E5F27F /* Images */,
				4F0CBAE01A9D324800C63FAF /* Images.xcassets */,
				4F0CBB0B1A9DC0A600C63FAF /* MovieStarts WatchKit Extension.entitlements */,
				4F94A9651AA99B5300E5F27F /* Source */,
				4F0CBADC1A9D324800C63FAF /* Supporting Files */,
			);
			path = "MovieStarts WatchKit Extension";
			sourceTree = "<group>";
		};
		4F0CBADC1A9D324800C63FAF /* Supporting Files */ = {
			isa = PBXGroup;
			children = (
				4F0CBADD1A9D324800C63FAF /* Info.plist */,
			);
			name = "Supporting Files";
			sourceTree = "<group>";
		};
		4F0CBAE81A9D324800C63FAF /* MovieStarts WatchKit App */ = {
			isa = PBXGroup;
			children = (
				4F0CBAEB1A9D324800C63FAF /* Interface.storyboard */,
				4F0CBAEE1A9D324800C63FAF /* Images.xcassets */,
				4F0CBAE91A9D324800C63FAF /* Supporting Files */,
			);
			path = "MovieStarts WatchKit App";
			sourceTree = "<group>";
		};
		4F0CBAE91A9D324800C63FAF /* Supporting Files */ = {
			isa = PBXGroup;
			children = (
				4F0CBB021A9D347100C63FAF /* Icons */,
				4F0CBAEA1A9D324800C63FAF /* Info.plist */,
			);
			name = "Supporting Files";
			sourceTree = "<group>";
		};
		4F0CBB021A9D347100C63FAF /* Icons */ = {
			isa = PBXGroup;
			children = (
				4F0CBAFA1A9D33F300C63FAF /* icon24@2x.png */,
				4F0CBAFB1A9D33F300C63FAF /* icon27.5@2x.png */,
				4F0CBAFE1A9D346700C63FAF /* icon29@2x.png */,
				4F0CBAFF1A9D346700C63FAF /* icon29@3x.png */,
				4F0CBB041A9D353800C63FAF /* icon40@2x.png */,
				4F0CBB061A9D353800C63FAF /* icon44@2x.png */,
				4F0CBB031A9D353800C63FAF /* icon86@2x.png */,
				4F0CBB051A9D353800C63FAF /* icon98@2x.png */,
			);
			name = Icons;
			sourceTree = "<group>";
		};
		4F2C91091B6216F50044A27B /* MovieStartsTests */ = {
			isa = PBXGroup;
			children = (
				4F2C91151B622FC40044A27B /* MovieRecordTests.swift */,
				4F2C91131B621BE70044A27B /* DatabaseHelperTests.swift */,
				4F2C910A1B6216F50044A27B /* Supporting Files */,
			);
			path = MovieStartsTests;
			sourceTree = "<group>";
		};
		4F2C910A1B6216F50044A27B /* Supporting Files */ = {
			isa = PBXGroup;
			children = (
				4F2C910B1B6216F50044A27B /* Info.plist */,
			);
			name = "Supporting Files";
			sourceTree = "<group>";
		};
		4F63E62A1A9A415100528FB3 /* Launch Images */ = {
			isa = PBXGroup;
			children = (
				4F63E6281A9A3E1100528FB3 /* LaunchBackground.jpg */,
				4F63E62C1A9A416100528FB3 /* LaunchLogo.png */,
				4F63E62B1A9A416100528FB3 /* LaunchLogo@2x.png */,
				4F63E62D1A9A416100528FB3 /* LaunchLogo@3x.png */,
			);
			name = "Launch Images";
			sourceTree = "<group>";
		};
		4F63E6311A9A8C9D00528FB3 /* Icons */ = {
			isa = PBXGroup;
			children = (
				4F63E6381A9A8CD100528FB3 /* icon29@2x.png */,
				4F63E6331A9A8CD100528FB3 /* icon29@3x.png */,
				4F63E6351A9A8CD100528FB3 /* icon40@2x.png */,
				4F63E6341A9A8CD100528FB3 /* icon40@3x.png */,
				4F63E6371A9A8CD100528FB3 /* icon60@2x.png */,
				4F63E6361A9A8CD100528FB3 /* icon60@3x.png */,
			);
			name = Icons;
			sourceTree = "<group>";
		};
		4F63E6321A9A8CAD00528FB3 /* In-App-Graphics */ = {
			isa = PBXGroup;
			children = (
				4F8ED3EE1B444B43008C24FE /* noposter.png */,
				4F6914851A8C085300B8FFCE /* Calendar.png */,
				4F6914861A8C085300B8FFCE /* Calendar@2x.png */,
				4F94A93C1AA84E1000E5F27F /* Calendar@3x.png */,
				4F69148A1A8C085300B8FFCE /* Settings.png */,
				4F6914871A8C085300B8FFCE /* Settings@2x.png */,
				4F6914891A8C085300B8FFCE /* Settings@3x.png */,
				4F6914881A8C085300B8FFCE /* Video.png */,
				4F69148B1A8C085300B8FFCE /* Video@2x.png */,
				4F6914831A8C085300B8FFCE /* Video@3x.png */,
				4F3EC7061B24B35B003C48E4 /* WebViewBack.png */,
				4F3EC7031B24B35B003C48E4 /* WebViewBack@2x.png */,
				4F3EC7041B24B35B003C48E4 /* WebViewForward.png */,
				4F3EC7021B24B35B003C48E4 /* WebViewForward@2x.png */,
				4F3EC7051B24B35B003C48E4 /* WebViewRefresh.png */,
				4F3EC7011B24B35B003C48E4 /* WebViewRefresh@2x.png */,
			);
			name = "In-App-Graphics";
			sourceTree = "<group>";
		};
		4F6F78F91AB384DC0023246F /* Upcoming Scene */ = {
			isa = PBXGroup;
			children = (
				4F94A9611AA9982E00E5F27F /* UpcomingInterfaceController.swift */,
				4F6F78FA1AB3867D0023246F /* MovieDateRow.swift */,
				4F6F78FC1AB388090023246F /* MovieListRowUpcoming.swift */,
			);
			name = "Upcoming Scene";
			sourceTree = "<group>";
		};
		4F7CCA561AB5ED3400A81FA8 /* Detail Group */ = {
			isa = PBXGroup;
			children = (
				4F7CCA591AB5EE0000A81FA8 /* DetailInterfaceController.swift */,
				4F7CCA571AB5ED6600A81FA8 /* DetailRow.swift */,
			);
			name = "Detail Group";
			sourceTree = "<group>";
		};
		4F87F9271A8DF0C1001869A1 /* View Controllers */ = {
			isa = PBXGroup;
			children = (
				4F6914811A8C041D00B8FFCE /* MovieTableViewController.swift */,
				4F7B49D41B04B77100F54454 /* MovieViewController.swift */,
				4FAE075A1B555615009C7507 /* NowTableViewController.swift */,
				4F6914971A8C09D300B8FFCE /* SettingsViewController.swift */,
				4F63E63F1A9D24BA00528FB3 /* StartViewController.swift */,
				4F63E6411A9D2A8B00528FB3 /* TabBarController.swift */,
				4F6914951A8C09BA00B8FFCE /* UpcomingTableViewController.swift */,
				4F3EC6FF1B24A147003C48E4 /* WebViewController.swift */,
			);
			name = "View Controllers";
			sourceTree = "<group>";
		};
		4F94A9401AA865D900E5F27F /* Images */ = {
			isa = PBXGroup;
			children = (
				4F94A9591AA8663800E5F27F /* WatchCalendar.png */,
				4F94A95A1AA8663800E5F27F /* WatchCalendar@2x.png */,
				4F94A9441AA8660300E5F27F /* WatchVideo1.png */,
				4F94A9451AA8660300E5F27F /* WatchVideo1@2x.png */,
				4F94A9471AA8660300E5F27F /* WatchVideo2.png */,
				4F94A9481AA8660300E5F27F /* WatchVideo2@2x.png */,
			);
			name = Images;
			sourceTree = "<group>";
		};
		4F94A9651AA99B5300E5F27F /* Source */ = {
			isa = PBXGroup;
			children = (
				4F7CCA561AB5ED3400A81FA8 /* Detail Group */,
				4F94A9671AA99C6600E5F27F /* Now Scene */,
				4F94A9661AA99C4200E5F27F /* Start Scene */,
				4F6F78F91AB384DC0023246F /* Upcoming Scene */,
				4F6F78F71AB2D92A0023246F /* WatchKitUtil.swift */,
			);
			name = Source;
			sourceTree = "<group>";
		};
		4F94A9661AA99C4200E5F27F /* Start Scene */ = {
			isa = PBXGroup;
			children = (
				4F0CBADE1A9D324800C63FAF /* InterfaceController.swift */,
				4FB45DB01AA843AA00B45979 /* StartSceneTableRow.swift */,
			);
			name = "Start Scene";
			sourceTree = "<group>";
		};
		4F94A9671AA99C6600E5F27F /* Now Scene */ = {
			isa = PBXGroup;
			children = (
				4F94A9631AA99A4300E5F27F /* MovieListRowNow.swift */,
				4F94A95F1AA9981800E5F27F /* NowInterfaceController.swift */,
			);
			name = "Now Scene";
			sourceTree = "<group>";
		};
		4FAFF8BA1A8BFFE500864078 = {
			isa = PBXGroup;
			children = (
				4FAFF8C51A8BFFE500864078 /* MovieStarts */,
				4F0CBADB1A9D324800C63FAF /* MovieStarts WatchKit Extension */,
				4F0CBAE81A9D324800C63FAF /* MovieStarts WatchKit App */,
				4F2C91091B6216F50044A27B /* MovieStartsTests */,
				4FAFF8C41A8BFFE500864078 /* Products */,
			);
			sourceTree = "<group>";
		};
		4FAFF8C41A8BFFE500864078 /* Products */ = {
			isa = PBXGroup;
			children = (
				4FAFF8C31A8BFFE500864078 /* MovieStarts.app */,
				4F0CBADA1A9D324800C63FAF /* MovieStarts WatchKit Extension.appex */,
				4F0CBAE41A9D324800C63FAF /* MovieStarts WatchKit App.app */,
				4F2C91081B6216F50044A27B /* MovieStartsTests.xctest */,
			);
			name = Products;
			sourceTree = "<group>";
		};
		4FAFF8C51A8BFFE500864078 /* MovieStarts */ = {
			isa = PBXGroup;
			children = (
				4FAFF8D11A8BFFE500864078 /* Images.xcassets */,
				4FAFF8D31A8BFFE500864078 /* LaunchScreen.xib */,
				4FAFF8CE1A8BFFE500864078 /* Main.storyboard */,
				4FAFF8EA1A8C002800864078 /* MovieStarts.entitlements */,
				4F8ED3EB1B4442C7008C24FE /* MovieTableViewCell.xib */,
				4FAFF8EF1A8C036A00864078 /* Source */,
				4FAFF8C61A8BFFE500864078 /* Supporting Files */,
			);
			path = MovieStarts;
			sourceTree = "<group>";
		};
		4FAFF8C61A8BFFE500864078 /* Supporting Files */ = {
			isa = PBXGroup;
			children = (
				4F7F97201B53F7C100054F18 /* Reveal.framework */,
				4FAFF8EB1A8C002B00864078 /* CloudKit.framework */,
				4FEF428E1B1F677E00AF0E16 /* Certifications */,
				4F63E6311A9A8C9D00528FB3 /* Icons */,
				4F63E6321A9A8CAD00528FB3 /* In-App-Graphics */,
				4FAFF8C71A8BFFE500864078 /* Info.plist */,
				4F63E62A1A9A415100528FB3 /* Launch Images */,
				4F63E6231A99CB5D00528FB3 /* Localizable.strings */,
			);
			name = "Supporting Files";
			sourceTree = "<group>";
		};
		4FAFF8EF1A8C036A00864078 /* Source */ = {
			isa = PBXGroup;
			children = (
				4FAFF8C81A8BFFE500864078 /* AppDelegate.swift */,
				4F3EC6D31B20ACB4003C48E4 /* CertificateLogo.swift */,
				4F87F9251A8DEE31001869A1 /* Constants.swift */,
				4FECDF1F1A8FE27D00F84A52 /* Database.swift */,
				4F63E61D1A992BCA00528FB3 /* DatabaseHelper.swift */,
				4FECDF211A9096A700F84A52 /* MovieRecord.swift */,
				4F8ED3EA1B4442C7008C24FE /* MovieTableViewCell.swift */,
				4F87F9271A8DF0C1001869A1 /* View Controllers */,
			);
			name = Source;
			sourceTree = "<group>";
		};
		4FEF428E1B1F677E00AF0E16 /* Certifications */ = {
			isa = PBXGroup;
			children = (
				4F3EC6D71B23580A003C48E4 /* certificateG.png */,
				4F3EC6E61B23580A003C48E4 /* certificateG@2x.png */,
				4F3EC6DB1B23580A003C48E4 /* certificateG@3x.png */,
				4F3EC6E41B23580A003C48E4 /* certificateG@4x.png */,
				4FEF429A1B1F701F00AF0E16 /* certificateNC-17.png */,
				4FEF429C1B1F701F00AF0E16 /* certificateNC-17@2x.png */,
				4FEF42991B1F701F00AF0E16 /* certificateNC-17@3x.png */,
				4FEF429B1B1F701F00AF0E16 /* certificateNC-17@4x.png */,
				4F3EC6D61B23580A003C48E4 /* certificateNR.png */,
				4F3EC6D51B23580A003C48E4 /* certificateNR@2x.png */,
				4F3EC6DD1B23580A003C48E4 /* certificateNR@3x.png */,
				4F3EC6DA1B23580A003C48E4 /* certificateNR@4x.png */,
				4F3EC6E21B23580A003C48E4 /* certificatePG-13.png */,
				4F3EC6E01B23580A003C48E4 /* certificatePG-13@2x.png */,
				4F3EC6DE1B23580A003C48E4 /* certificatePG-13@3x.png */,
				4F3EC6DC1B23580A003C48E4 /* certificatePG-13@4x.png */,
				4F3EC6D91B23580A003C48E4 /* certificatePG.png */,
				4F3EC6E11B23580A003C48E4 /* certificatePG@2x.png */,
				4F3EC6E81B23580A003C48E4 /* certificatePG@3x.png */,
				4F3EC6E51B23580A003C48E4 /* certificatePG@4x.png */,
				4F3EC6DF1B23580A003C48E4 /* certificateR.png */,
				4F3EC6E31B23580A003C48E4 /* certificateR@2x.png */,
				4F3EC6E71B23580A003C48E4 /* certificateR@3x.png */,
				4F3EC6D81B23580A003C48E4 /* certificateR@4x.png */,
			);
			name = Certifications;
			sourceTree = "<group>";
		};
/* End PBXGroup section */

/* Begin PBXNativeTarget section */
		4F0CBAD91A9D324800C63FAF /* MovieStarts WatchKit Extension */ = {
			isa = PBXNativeTarget;
			buildConfigurationList = 4F0CBAF61A9D324800C63FAF /* Build configuration list for PBXNativeTarget "MovieStarts WatchKit Extension" */;
			buildPhases = (
				4F0CBAD61A9D324800C63FAF /* Sources */,
				4F0CBAD71A9D324800C63FAF /* Frameworks */,
				4F0CBAD81A9D324800C63FAF /* Resources */,
			);
			buildRules = (
			);
			dependencies = (
				4F0CBAE71A9D324800C63FAF /* PBXTargetDependency */,
			);
			name = "MovieStarts WatchKit Extension";
			productName = "MovieStarts WatchKit Extension";
			productReference = 4F0CBADA1A9D324800C63FAF /* MovieStarts WatchKit Extension.appex */;
			productType = "com.apple.product-type.watchkit-extension";
		};
		4F0CBAE31A9D324800C63FAF /* MovieStarts WatchKit App */ = {
			isa = PBXNativeTarget;
			buildConfigurationList = 4F0CBAF31A9D324800C63FAF /* Build configuration list for PBXNativeTarget "MovieStarts WatchKit App" */;
			buildPhases = (
				4F0CBAE21A9D324800C63FAF /* Resources */,
			);
			buildRules = (
			);
			dependencies = (
			);
			name = "MovieStarts WatchKit App";
			productName = "MovieStarts WatchKit App";
			productReference = 4F0CBAE41A9D324800C63FAF /* MovieStarts WatchKit App.app */;
			productType = "com.apple.product-type.application.watchapp";
		};
		4F2C91071B6216F50044A27B /* MovieStartsTests */ = {
			isa = PBXNativeTarget;
			buildConfigurationList = 4F2C91101B6216F50044A27B /* Build configuration list for PBXNativeTarget "MovieStartsTests" */;
			buildPhases = (
				4F2C91041B6216F50044A27B /* Sources */,
				4F2C91051B6216F50044A27B /* Frameworks */,
				4F2C91061B6216F50044A27B /* Resources */,
			);
			buildRules = (
			);
			dependencies = (
				4F2C910F1B6216F50044A27B /* PBXTargetDependency */,
			);
			name = MovieStartsTests;
			productName = MovieStartsTests;
			productReference = 4F2C91081B6216F50044A27B /* MovieStartsTests.xctest */;
			productType = "com.apple.product-type.bundle.unit-test";
		};
		4FAFF8C21A8BFFE500864078 /* MovieStarts */ = {
			isa = PBXNativeTarget;
			buildConfigurationList = 4FAFF8E41A8BFFE500864078 /* Build configuration list for PBXNativeTarget "MovieStarts" */;
			buildPhases = (
				4FAFF8BF1A8BFFE500864078 /* Sources */,
				4FAFF8C01A8BFFE500864078 /* Frameworks */,
				4FAFF8C11A8BFFE500864078 /* Resources */,
				4F0CBAF91A9D324800C63FAF /* Embed App Extensions */,
			);
			buildRules = (
			);
			dependencies = (
				4F0CBAF11A9D324800C63FAF /* PBXTargetDependency */,
			);
			name = MovieStarts;
			productName = MovieStarts;
			productReference = 4FAFF8C31A8BFFE500864078 /* MovieStarts.app */;
			productType = "com.apple.product-type.application";
		};
/* End PBXNativeTarget section */

/* Begin PBXProject section */
		4FAFF8BB1A8BFFE500864078 /* Project object */ = {
			isa = PBXProject;
			attributes = {
				LastSwiftUpdateCheck = 0700;
				LastUpgradeCheck = 0630;
				ORGANIZATIONNAME = "Oliver Eichhorn";
				TargetAttributes = {
					4F0CBAD91A9D324800C63FAF = {
						CreatedOnToolsVersion = 6.2;
						DevelopmentTeam = FTX9FBCWZ9;
						SystemCapabilities = {
							com.apple.ApplicationGroups.iOS = {
								enabled = 1;
							};
							com.apple.iCloud = {
								enabled = 1;
							};
						};
					};
					4F0CBAE31A9D324800C63FAF = {
						CreatedOnToolsVersion = 6.2;
						DevelopmentTeam = FTX9FBCWZ9;
					};
					4F2C91071B6216F50044A27B = {
						CreatedOnToolsVersion = 6.4;
						TestTargetID = 4FAFF8C21A8BFFE500864078;
					};
					4FAFF8C21A8BFFE500864078 = {
						CreatedOnToolsVersion = 6.3;
						DevelopmentTeam = FTX9FBCWZ9;
						SystemCapabilities = {
							com.apple.ApplicationGroups.iOS = {
								enabled = 1;
							};
							com.apple.BackgroundModes = {
								enabled = 1;
							};
							com.apple.iCloud = {
								enabled = 1;
							};
						};
					};
				};
			};
			buildConfigurationList = 4FAFF8BE1A8BFFE500864078 /* Build configuration list for PBXProject "MovieStarts" */;
			compatibilityVersion = "Xcode 3.2";
			developmentRegion = English;
			hasScannedForEncodings = 0;
			knownRegions = (
				en,
				Base,
				de,
			);
			mainGroup = 4FAFF8BA1A8BFFE500864078;
			productRefGroup = 4FAFF8C41A8BFFE500864078 /* Products */;
			projectDirPath = "";
			projectRoot = "";
			targets = (
				4FAFF8C21A8BFFE500864078 /* MovieStarts */,
				4F0CBAD91A9D324800C63FAF /* MovieStarts WatchKit Extension */,
				4F0CBAE31A9D324800C63FAF /* MovieStarts WatchKit App */,
				4F2C91071B6216F50044A27B /* MovieStartsTests */,
			);
		};
/* End PBXProject section */

/* Begin PBXResourcesBuildPhase section */
		4F0CBAD81A9D324800C63FAF /* Resources */ = {
			isa = PBXResourcesBuildPhase;
			buildActionMask = 2147483647;
			files = (
				4F0CBAE51A9D324800C63FAF /* MovieStarts WatchKit App.app in Resources */,
				4F94A95C1AA8663800E5F27F /* WatchCalendar.png in Resources */,
				4F94A9501AA8660300E5F27F /* WatchVideo1.png in Resources */,
				4F94A9511AA8660300E5F27F /* WatchVideo1@2x.png in Resources */,
				4FE0FC961AB605A5008A30F5 /* Localizable.strings in Resources */,
				4F94A95D1AA8663800E5F27F /* WatchCalendar@2x.png in Resources */,
				4F0CBAE11A9D324800C63FAF /* Images.xcassets in Resources */,
				4F94A9531AA8660300E5F27F /* WatchVideo2.png in Resources */,
				4F94A9541AA8660300E5F27F /* WatchVideo2@2x.png in Resources */,
			);
			runOnlyForDeploymentPostprocessing = 0;
		};
		4F0CBAE21A9D324800C63FAF /* Resources */ = {
			isa = PBXResourcesBuildPhase;
			buildActionMask = 2147483647;
			files = (
				4F0CBAED1A9D324800C63FAF /* Interface.storyboard in Resources */,
				4F0CBB071A9D353800C63FAF /* icon86@2x.png in Resources */,
				4F0CBAFD1A9D33F300C63FAF /* icon27.5@2x.png in Resources */,
				4F0CBAEF1A9D324800C63FAF /* Images.xcassets in Resources */,
				4F0CBB001A9D346700C63FAF /* icon29@2x.png in Resources */,
				4F0CBB091A9D353800C63FAF /* icon98@2x.png in Resources */,
				4F0CBAFC1A9D33F300C63FAF /* icon24@2x.png in Resources */,
				4F0CBB011A9D346700C63FAF /* icon29@3x.png in Resources */,
				4F0CBB081A9D353800C63FAF /* icon40@2x.png in Resources */,
				4F0CBB0A1A9D353800C63FAF /* icon44@2x.png in Resources */,
			);
			runOnlyForDeploymentPostprocessing = 0;
		};
		4F2C91061B6216F50044A27B /* Resources */ = {
			isa = PBXResourcesBuildPhase;
			buildActionMask = 2147483647;
			files = (
			);
			runOnlyForDeploymentPostprocessing = 0;
		};
		4FAFF8C11A8BFFE500864078 /* Resources */ = {
			isa = PBXResourcesBuildPhase;
			buildActionMask = 2147483647;
			files = (
				4F3EC6FB1B23580A003C48E4 /* certificateR@3x.png in Resources */,
				4F3EC7091B24B35B003C48E4 /* WebViewBack@2x.png in Resources */,
				4F3EC6F21B23580A003C48E4 /* certificatePG-13@3x.png in Resources */,
				4F6914921A8C085300B8FFCE /* Settings@3x.png in Resources */,
				4F3EC6ED1B23580A003C48E4 /* certificatePG.png in Resources */,
				4F69148F1A8C085300B8FFCE /* Calendar@2x.png in Resources */,
				4FAFF8D01A8BFFE500864078 /* Main.storyboard in Resources */,
				4F63E6301A9A416100528FB3 /* LaunchLogo@3x.png in Resources */,
				4F8ED3ED1B4442C7008C24FE /* MovieTableViewCell.xib in Resources */,
				4F63E62E1A9A416100528FB3 /* LaunchLogo@2x.png in Resources */,
				4F94A93D1AA84E1000E5F27F /* Calendar@3x.png in Resources */,
				4FEF429F1B1F701F00AF0E16 /* certificateNC-17@4x.png in Resources */,
				4F3EC6EC1B23580A003C48E4 /* certificateR@4x.png in Resources */,
				4F3EC6FA1B23580A003C48E4 /* certificateG@2x.png in Resources */,
				4F3EC7081B24B35B003C48E4 /* WebViewForward@2x.png in Resources */,
				4F3EC6EA1B23580A003C48E4 /* certificateNR.png in Resources */,
				4F6914911A8C085300B8FFCE /* Video.png in Resources */,
				4FEF429D1B1F701F00AF0E16 /* certificateNC-17@3x.png in Resources */,
				4F3EC6F11B23580A003C48E4 /* certificateNR@3x.png in Resources */,
				4F3EC6F51B23580A003C48E4 /* certificatePG@2x.png in Resources */,
				4F3EC6EE1B23580A003C48E4 /* certificateNR@4x.png in Resources */,
				4F3EC6F01B23580A003C48E4 /* certificatePG-13@4x.png in Resources */,
				4F63E63C1A9A8CD100528FB3 /* icon60@3x.png in Resources */,
				4F6914941A8C085300B8FFCE /* Video@2x.png in Resources */,
				4F6914931A8C085300B8FFCE /* Settings.png in Resources */,
				4F8ED3EF1B444B43008C24FE /* noposter.png in Resources */,
				4F69148C1A8C085300B8FFCE /* Video@3x.png in Resources */,
				4F63E63A1A9A8CD100528FB3 /* icon40@3x.png in Resources */,
				4F63E63B1A9A8CD100528FB3 /* icon40@2x.png in Resources */,
				4F3EC70C1B24B35B003C48E4 /* WebViewBack.png in Resources */,
				4FEF42A01B1F701F00AF0E16 /* certificateNC-17@2x.png in Resources */,
				4F3EC6F41B23580A003C48E4 /* certificatePG-13@2x.png in Resources */,
				4F3EC6E91B23580A003C48E4 /* certificateNR@2x.png in Resources */,
				4F3EC6FC1B23580A003C48E4 /* certificatePG@3x.png in Resources */,
				4F63E63E1A9A8CD100528FB3 /* icon29@2x.png in Resources */,
				4F63E6291A9A3E1100528FB3 /* LaunchBackground.jpg in Resources */,
				4F3EC70B1B24B35B003C48E4 /* WebViewRefresh.png in Resources */,
				4F63E6391A9A8CD100528FB3 /* icon29@3x.png in Resources */,
				4F69148E1A8C085300B8FFCE /* Calendar.png in Resources */,
				4F3EC6F31B23580A003C48E4 /* certificateR.png in Resources */,
				4F3EC6F91B23580A003C48E4 /* certificatePG@4x.png in Resources */,
				4F3EC6EB1B23580A003C48E4 /* certificateG.png in Resources */,
				4FEF429E1B1F701F00AF0E16 /* certificateNC-17.png in Resources */,
				4F63E6211A99CB5D00528FB3 /* Localizable.strings in Resources */,
				4F63E63D1A9A8CD100528FB3 /* icon60@2x.png in Resources */,
				4F6914901A8C085300B8FFCE /* Settings@2x.png in Resources */,
				4F3EC6F71B23580A003C48E4 /* certificateR@2x.png in Resources */,
				4F3EC6F61B23580A003C48E4 /* certificatePG-13.png in Resources */,
				4F3EC7071B24B35B003C48E4 /* WebViewRefresh@2x.png in Resources */,
				4F3EC70A1B24B35B003C48E4 /* WebViewForward.png in Resources */,
				4F63E62F1A9A416100528FB3 /* LaunchLogo.png in Resources */,
				4FAFF8D51A8BFFE500864078 /* LaunchScreen.xib in Resources */,
				4F3EC6F81B23580A003C48E4 /* certificateG@4x.png in Resources */,
				4F3EC6EF1B23580A003C48E4 /* certificateG@3x.png in Resources */,
				4FAFF8D21A8BFFE500864078 /* Images.xcassets in Resources */,
			);
			runOnlyForDeploymentPostprocessing = 0;
		};
/* End PBXResourcesBuildPhase section */

/* Begin PBXSourcesBuildPhase section */
		4F0CBAD61A9D324800C63FAF /* Sources */ = {
			isa = PBXSourcesBuildPhase;
			buildActionMask = 2147483647;
			files = (
				4F94A9641AA99A4300E5F27F /* MovieListRowNow.swift in Sources */,
				4F8577521AAA469400638FB0 /* MovieRecord.swift in Sources */,
				4F6F78F81AB2D92A0023246F /* WatchKitUtil.swift in Sources */,
				4F7CCA581AB5ED6600A81FA8 /* DetailRow.swift in Sources */,
				4F6F78FD1AB388090023246F /* MovieListRowUpcoming.swift in Sources */,
				4F94A9601AA9981800E5F27F /* NowInterfaceController.swift in Sources */,
				4F7CCA5A1AB5EE0000A81FA8 /* DetailInterfaceController.swift in Sources */,
				4F94A9621AA9982E00E5F27F /* UpcomingInterfaceController.swift in Sources */,
				4F8577531AAA4AE700638FB0 /* Constants.swift in Sources */,
				4F0CBADF1A9D324800C63FAF /* InterfaceController.swift in Sources */,
				4F6F78FB1AB3867D0023246F /* MovieDateRow.swift in Sources */,
				4FB45DB11AA843AA00B45979 /* StartSceneTableRow.swift in Sources */,
			);
			runOnlyForDeploymentPostprocessing = 0;
		};
		4F2C91041B6216F50044A27B /* Sources */ = {
			isa = PBXSourcesBuildPhase;
			buildActionMask = 2147483647;
			files = (
				4F2C91141B621BE70044A27B /* DatabaseHelperTests.swift in Sources */,
				4F2C91161B622FC40044A27B /* MovieRecordTests.swift in Sources */,
			);
			runOnlyForDeploymentPostprocessing = 0;
		};
		4FAFF8BF1A8BFFE500864078 /* Sources */ = {
			isa = PBXSourcesBuildPhase;
			buildActionMask = 2147483647;
			files = (
				4F3EC6D41B20ACB4003C48E4 /* CertificateLogo.swift in Sources */,
				4F7B49D51B04B77100F54454 /* MovieViewController.swift in Sources */,
				4FECDF201A8FE27D00F84A52 /* Database.swift in Sources */,
				4F87F9261A8DEE31001869A1 /* Constants.swift in Sources */,
				4FAE075B1B555615009C7507 /* NowTableViewController.swift in Sources */,
				4FECDF221A9096A700F84A52 /* MovieRecord.swift in Sources */,
				4F8ED3EC1B4442C7008C24FE /* MovieTableViewCell.swift in Sources */,
				4F63E6421A9D2A8B00528FB3 /* TabBarController.swift in Sources */,
				4F6914961A8C09BA00B8FFCE /* UpcomingTableViewController.swift in Sources */,
				4F63E61E1A992BCA00528FB3 /* DatabaseHelper.swift in Sources */,
				4F63E6401A9D24BA00528FB3 /* StartViewController.swift in Sources */,
				4FAFF8C91A8BFFE500864078 /* AppDelegate.swift in Sources */,
				4F6914821A8C041D00B8FFCE /* MovieTableViewController.swift in Sources */,
				4F3EC7001B24A147003C48E4 /* WebViewController.swift in Sources */,
				4F6914981A8C09D300B8FFCE /* SettingsViewController.swift in Sources */,
			);
			runOnlyForDeploymentPostprocessing = 0;
		};
/* End PBXSourcesBuildPhase section */

/* Begin PBXTargetDependency section */
		4F0CBAE71A9D324800C63FAF /* PBXTargetDependency */ = {
			isa = PBXTargetDependency;
			target = 4F0CBAE31A9D324800C63FAF /* MovieStarts WatchKit App */;
			targetProxy = 4F0CBAE61A9D324800C63FAF /* PBXContainerItemProxy */;
		};
		4F0CBAF11A9D324800C63FAF /* PBXTargetDependency */ = {
			isa = PBXTargetDependency;
			target = 4F0CBAD91A9D324800C63FAF /* MovieStarts WatchKit Extension */;
			targetProxy = 4F0CBAF01A9D324800C63FAF /* PBXContainerItemProxy */;
		};
		4F2C910F1B6216F50044A27B /* PBXTargetDependency */ = {
			isa = PBXTargetDependency;
			target = 4FAFF8C21A8BFFE500864078 /* MovieStarts */;
			targetProxy = 4F2C910E1B6216F50044A27B /* PBXContainerItemProxy */;
		};
/* End PBXTargetDependency section */

/* Begin PBXVariantGroup section */
		4F0CBAEB1A9D324800C63FAF /* Interface.storyboard */ = {
			isa = PBXVariantGroup;
			children = (
				4F0CBAEC1A9D324800C63FAF /* Base */,
			);
			name = Interface.storyboard;
			sourceTree = "<group>";
		};
		4F63E6231A99CB5D00528FB3 /* Localizable.strings */ = {
			isa = PBXVariantGroup;
			children = (
				4F63E6251A99CB9E00528FB3 /* de */,
				4F63E6271A99CBD400528FB3 /* en */,
			);
			name = Localizable.strings;
			path = ..;
			sourceTree = "<group>";
		};
		4FAFF8CE1A8BFFE500864078 /* Main.storyboard */ = {
			isa = PBXVariantGroup;
			children = (
				4FAFF8CF1A8BFFE500864078 /* Base */,
			);
			name = Main.storyboard;
			sourceTree = "<group>";
		};
		4FAFF8D31A8BFFE500864078 /* LaunchScreen.xib */ = {
			isa = PBXVariantGroup;
			children = (
				4FAFF8D41A8BFFE500864078 /* Base */,
			);
			name = LaunchScreen.xib;
			sourceTree = "<group>";
		};
/* End PBXVariantGroup section */

/* Begin XCBuildConfiguration section */
		4F0CBAF41A9D324800C63FAF /* Debug */ = {
			isa = XCBuildConfiguration;
			buildSettings = {
				ASSETCATALOG_COMPILER_APPICON_NAME = AppIcon;
				CODE_SIGN_IDENTITY = "iPhone Developer";
				GCC_PREPROCESSOR_DEFINITIONS = (
					"DEBUG=1",
					"$(inherited)",
				);
				IBSC_MODULE = MovieStarts_WatchKit_Extension;
				INFOPLIST_FILE = "MovieStarts WatchKit App/Info.plist";
				IPHONEOS_DEPLOYMENT_TARGET = 8.2;
				PRODUCT_NAME = "$(TARGET_NAME)";
				SKIP_INSTALL = YES;
				TARGETED_DEVICE_FAMILY = 4;
				"TARGETED_DEVICE_FAMILY[sdk=iphonesimulator*]" = "1,4";
			};
			name = Debug;
		};
		4F0CBAF51A9D324800C63FAF /* Release */ = {
			isa = XCBuildConfiguration;
			buildSettings = {
				ASSETCATALOG_COMPILER_APPICON_NAME = AppIcon;
				CODE_SIGN_IDENTITY = "iPhone Developer";
				IBSC_MODULE = MovieStarts_WatchKit_Extension;
				INFOPLIST_FILE = "MovieStarts WatchKit App/Info.plist";
				IPHONEOS_DEPLOYMENT_TARGET = 8.2;
				PRODUCT_NAME = "$(TARGET_NAME)";
				SKIP_INSTALL = YES;
				TARGETED_DEVICE_FAMILY = 4;
				"TARGETED_DEVICE_FAMILY[sdk=iphonesimulator*]" = "1,4";
			};
			name = Release;
		};
		4F0CBAF71A9D324800C63FAF /* Debug */ = {
			isa = XCBuildConfiguration;
			buildSettings = {
				CODE_SIGN_ENTITLEMENTS = "MovieStarts WatchKit Extension/MovieStarts WatchKit Extension.entitlements";
				CODE_SIGN_IDENTITY = "iPhone Developer";
				"CODE_SIGN_IDENTITY[sdk=iphoneos*]" = "iPhone Developer";
				GCC_PREPROCESSOR_DEFINITIONS = (
					"DEBUG=1",
					"$(inherited)",
				);
				INFOPLIST_FILE = "MovieStarts WatchKit Extension/Info.plist";
				IPHONEOS_DEPLOYMENT_TARGET = 8.2;
				LD_RUNPATH_SEARCH_PATHS = "$(inherited) @executable_path/Frameworks @executable_path/../../Frameworks";
				PRODUCT_NAME = "${TARGET_NAME}";
				PROVISIONING_PROFILE = "";
				SKIP_INSTALL = YES;
			};
			name = Debug;
		};
		4F0CBAF81A9D324800C63FAF /* Release */ = {
			isa = XCBuildConfiguration;
			buildSettings = {
				CODE_SIGN_ENTITLEMENTS = "MovieStarts WatchKit Extension/MovieStarts WatchKit Extension.entitlements";
				CODE_SIGN_IDENTITY = "iPhone Developer";
				"CODE_SIGN_IDENTITY[sdk=iphoneos*]" = "iPhone Developer";
				INFOPLIST_FILE = "MovieStarts WatchKit Extension/Info.plist";
				IPHONEOS_DEPLOYMENT_TARGET = 8.2;
				LD_RUNPATH_SEARCH_PATHS = "$(inherited) @executable_path/Frameworks @executable_path/../../Frameworks";
				PRODUCT_NAME = "${TARGET_NAME}";
				PROVISIONING_PROFILE = "";
				SKIP_INSTALL = YES;
			};
			name = Release;
		};
		4F2C91111B6216F50044A27B /* Debug */ = {
			isa = XCBuildConfiguration;
			buildSettings = {
				BUNDLE_LOADER = "$(TEST_HOST)";
				DEBUG_INFORMATION_FORMAT = "dwarf-with-dsym";
				FRAMEWORK_SEARCH_PATHS = (
					"$(SDKROOT)/Developer/Library/Frameworks",
					"$(inherited)",
				);
				GCC_NO_COMMON_BLOCKS = YES;
				GCC_PREPROCESSOR_DEFINITIONS = (
					"DEBUG=1",
					"$(inherited)",
				);
				INFOPLIST_FILE = MovieStartsTests/Info.plist;
				IPHONEOS_DEPLOYMENT_TARGET = 8.4;
				LD_RUNPATH_SEARCH_PATHS = "$(inherited) @executable_path/Frameworks @loader_path/Frameworks";
				PRODUCT_NAME = "$(TARGET_NAME)";
				TEST_HOST = "$(BUILT_PRODUCTS_DIR)/MovieStarts.app/MovieStarts";
			};
			name = Debug;
		};
		4F2C91121B6216F50044A27B /* Release */ = {
			isa = XCBuildConfiguration;
			buildSettings = {
				BUNDLE_LOADER = "$(TEST_HOST)";
				FRAMEWORK_SEARCH_PATHS = (
					"$(SDKROOT)/Developer/Library/Frameworks",
					"$(inherited)",
				);
				GCC_NO_COMMON_BLOCKS = YES;
				INFOPLIST_FILE = MovieStartsTests/Info.plist;
				IPHONEOS_DEPLOYMENT_TARGET = 8.4;
				LD_RUNPATH_SEARCH_PATHS = "$(inherited) @executable_path/Frameworks @loader_path/Frameworks";
				PRODUCT_NAME = "$(TARGET_NAME)";
				TEST_HOST = "$(BUILT_PRODUCTS_DIR)/MovieStarts.app/MovieStarts";
			};
			name = Release;
		};
		4FAFF8E21A8BFFE500864078 /* Debug */ = {
			isa = XCBuildConfiguration;
			buildSettings = {
				ALWAYS_SEARCH_USER_PATHS = NO;
				CLANG_CXX_LANGUAGE_STANDARD = "gnu++0x";
				CLANG_CXX_LIBRARY = "libc++";
				CLANG_ENABLE_MODULES = YES;
				CLANG_ENABLE_OBJC_ARC = YES;
				CLANG_WARN_BOOL_CONVERSION = YES;
				CLANG_WARN_CONSTANT_CONVERSION = YES;
				CLANG_WARN_DIRECT_OBJC_ISA_USAGE = YES_ERROR;
				CLANG_WARN_EMPTY_BODY = YES;
				CLANG_WARN_ENUM_CONVERSION = YES;
				CLANG_WARN_INT_CONVERSION = YES;
				CLANG_WARN_OBJC_ROOT_CLASS = YES_ERROR;
				CLANG_WARN_UNREACHABLE_CODE = YES;
				CLANG_WARN__DUPLICATE_METHOD_MATCH = YES;
				"CODE_SIGN_IDENTITY[sdk=iphoneos*]" = "iPhone Developer";
				COPY_PHASE_STRIP = NO;
				DEBUG_INFORMATION_FORMAT = dwarf;
				ENABLE_STRICT_OBJC_MSGSEND = YES;
				GCC_C_LANGUAGE_STANDARD = gnu99;
				GCC_DYNAMIC_NO_PIC = NO;
				GCC_OPTIMIZATION_LEVEL = 0;
				GCC_PREPROCESSOR_DEFINITIONS = (
					"DEBUG=1",
					"$(inherited)",
				);
				GCC_SYMBOLS_PRIVATE_EXTERN = NO;
				GCC_WARN_64_TO_32_BIT_CONVERSION = YES;
				GCC_WARN_ABOUT_RETURN_TYPE = YES_ERROR;
				GCC_WARN_UNDECLARED_SELECTOR = YES;
				GCC_WARN_UNINITIALIZED_AUTOS = YES_AGGRESSIVE;
				GCC_WARN_UNUSED_FUNCTION = YES;
				GCC_WARN_UNUSED_VARIABLE = YES;
				IPHONEOS_DEPLOYMENT_TARGET = 8.0;
				MTL_ENABLE_DEBUG_INFO = YES;
				ONLY_ACTIVE_ARCH = YES;
				SDKROOT = iphoneos;
				SWIFT_OPTIMIZATION_LEVEL = "-Onone";
			};
			name = Debug;
		};
		4FAFF8E31A8BFFE500864078 /* Release */ = {
			isa = XCBuildConfiguration;
			buildSettings = {
				ALWAYS_SEARCH_USER_PATHS = NO;
				CLANG_CXX_LANGUAGE_STANDARD = "gnu++0x";
				CLANG_CXX_LIBRARY = "libc++";
				CLANG_ENABLE_MODULES = YES;
				CLANG_ENABLE_OBJC_ARC = YES;
				CLANG_WARN_BOOL_CONVERSION = YES;
				CLANG_WARN_CONSTANT_CONVERSION = YES;
				CLANG_WARN_DIRECT_OBJC_ISA_USAGE = YES_ERROR;
				CLANG_WARN_EMPTY_BODY = YES;
				CLANG_WARN_ENUM_CONVERSION = YES;
				CLANG_WARN_INT_CONVERSION = YES;
				CLANG_WARN_OBJC_ROOT_CLASS = YES_ERROR;
				CLANG_WARN_UNREACHABLE_CODE = YES;
				CLANG_WARN__DUPLICATE_METHOD_MATCH = YES;
				"CODE_SIGN_IDENTITY[sdk=iphoneos*]" = "iPhone Developer";
				COPY_PHASE_STRIP = NO;
				DEBUG_INFORMATION_FORMAT = "dwarf-with-dsym";
				ENABLE_NS_ASSERTIONS = NO;
				ENABLE_STRICT_OBJC_MSGSEND = YES;
				GCC_C_LANGUAGE_STANDARD = gnu99;
				GCC_WARN_64_TO_32_BIT_CONVERSION = YES;
				GCC_WARN_ABOUT_RETURN_TYPE = YES_ERROR;
				GCC_WARN_UNDECLARED_SELECTOR = YES;
				GCC_WARN_UNINITIALIZED_AUTOS = YES_AGGRESSIVE;
				GCC_WARN_UNUSED_FUNCTION = YES;
				GCC_WARN_UNUSED_VARIABLE = YES;
				IPHONEOS_DEPLOYMENT_TARGET = 8.0;
				MTL_ENABLE_DEBUG_INFO = NO;
				SDKROOT = iphoneos;
				VALIDATE_PRODUCT = YES;
			};
			name = Release;
		};
		4FAFF8E51A8BFFE500864078 /* Debug */ = {
			isa = XCBuildConfiguration;
			buildSettings = {
				ASSETCATALOG_COMPILER_APPICON_NAME = AppIcon;
				CODE_SIGN_ENTITLEMENTS = MovieStarts/MovieStarts.entitlements;
				CODE_SIGN_IDENTITY = "iPhone Developer";
				"CODE_SIGN_IDENTITY[sdk=iphoneos*]" = "iPhone Developer";
				EMBEDDED_CONTENT_CONTAINS_SWIFT = YES;
				FRAMEWORK_SEARCH_PATHS = (
					"$(inherited)",
					"$(SYSTEM_APPS_DIR)/Reveal.app/Contents/SharedSupport/iOS-Libraries",
				);
				INFOPLIST_FILE = MovieStarts/Info.plist;
				IPHONEOS_DEPLOYMENT_TARGET = 8.0;
				LD_RUNPATH_SEARCH_PATHS = "$(inherited) @executable_path/Frameworks";
				OTHER_LDFLAGS = (
					"-ObjC",
					"-lz",
					"-framework",
					Reveal,
				);
				PRODUCT_NAME = "$(TARGET_NAME)";
				PROVISIONING_PROFILE = "";
			};
			name = Debug;
		};
		4FAFF8E61A8BFFE500864078 /* Release */ = {
			isa = XCBuildConfiguration;
			buildSettings = {
				ASSETCATALOG_COMPILER_APPICON_NAME = AppIcon;
				CODE_SIGN_ENTITLEMENTS = MovieStarts/MovieStarts.entitlements;
				CODE_SIGN_IDENTITY = "iPhone Developer";
				"CODE_SIGN_IDENTITY[sdk=iphoneos*]" = "iPhone Developer";
				EMBEDDED_CONTENT_CONTAINS_SWIFT = YES;
				FRAMEWORK_SEARCH_PATHS = (
					"$(inherited)",
					"$(SYSTEM_APPS_DIR)/Reveal.app/Contents/SharedSupport/iOS-Libraries",
				);
				INFOPLIST_FILE = MovieStarts/Info.plist;
				IPHONEOS_DEPLOYMENT_TARGET = 8.0;
				LD_RUNPATH_SEARCH_PATHS = "$(inherited) @executable_path/Frameworks";
				PRODUCT_NAME = "$(TARGET_NAME)";
				PROVISIONING_PROFILE = "";
			};
			name = Release;
		};
/* End XCBuildConfiguration section */

/* Begin XCConfigurationList section */
		4F0CBAF31A9D324800C63FAF /* Build configuration list for PBXNativeTarget "MovieStarts WatchKit App" */ = {
			isa = XCConfigurationList;
			buildConfigurations = (
				4F0CBAF41A9D324800C63FAF /* Debug */,
				4F0CBAF51A9D324800C63FAF /* Release */,
			);
			defaultConfigurationIsVisible = 0;
			defaultConfigurationName = Release;
		};
		4F0CBAF61A9D324800C63FAF /* Build configuration list for PBXNativeTarget "MovieStarts WatchKit Extension" */ = {
			isa = XCConfigurationList;
			buildConfigurations = (
				4F0CBAF71A9D324800C63FAF /* Debug */,
				4F0CBAF81A9D324800C63FAF /* Release */,
			);
			defaultConfigurationIsVisible = 0;
			defaultConfigurationName = Release;
		};
		4F2C91101B6216F50044A27B /* Build configuration list for PBXNativeTarget "MovieStartsTests" */ = {
			isa = XCConfigurationList;
			buildConfigurations = (
				4F2C91111B6216F50044A27B /* Debug */,
				4F2C91121B6216F50044A27B /* Release */,
			);
			defaultConfigurationIsVisible = 0;
			defaultConfigurationName = Release;
		};
		4FAFF8BE1A8BFFE500864078 /* Build configuration list for PBXProject "MovieStarts" */ = {
			isa = XCConfigurationList;
			buildConfigurations = (
				4FAFF8E21A8BFFE500864078 /* Debug */,
				4FAFF8E31A8BFFE500864078 /* Release */,
			);
			defaultConfigurationIsVisible = 0;
			defaultConfigurationName = Release;
		};
		4FAFF8E41A8BFFE500864078 /* Build configuration list for PBXNativeTarget "MovieStarts" */ = {
			isa = XCConfigurationList;
			buildConfigurations = (
				4FAFF8E51A8BFFE500864078 /* Debug */,
				4FAFF8E61A8BFFE500864078 /* Release */,
			);
			defaultConfigurationIsVisible = 0;
			defaultConfigurationName = Release;
		};
/* End XCConfigurationList section */
	};
	rootObject = 4FAFF8BB1A8BFFE500864078 /* Project object */;
}
