// !$*UTF8*$!
{
	archiveVersion = 1;
	classes = {
	};
	objectVersion = 46;
	objects = {

/* Begin PBXBuildFile section */
		4F0953411B9F17D50040BBC9 /* SettingsTableViewController.swift in Sources */ = {isa = PBXBuildFile; fileRef = 4F0953401B9F17D50040BBC9 /* SettingsTableViewController.swift */; };
		4F2C91141B621BE70044A27B /* DatabaseHelperTests.swift in Sources */ = {isa = PBXBuildFile; fileRef = 4F2C91131B621BE70044A27B /* DatabaseHelperTests.swift */; };
		4F2C91161B622FC40044A27B /* MovieRecordTests.swift in Sources */ = {isa = PBXBuildFile; fileRef = 4F2C91151B622FC40044A27B /* MovieRecordTests.swift */; };
		4F2C91181B6374810044A27B /* Favorites.swift in Sources */ = {isa = PBXBuildFile; fileRef = 4F2C91171B6374810044A27B /* Favorites.swift */; };
		4F2C92AC1B64E4710044A27B /* favorite.png in Resources */ = {isa = PBXBuildFile; fileRef = 4F2C92A91B64E4710044A27B /* favorite.png */; };
		4F2C92AD1B64E4710044A27B /* favorite@3x.png in Resources */ = {isa = PBXBuildFile; fileRef = 4F2C92AA1B64E4710044A27B /* favorite@3x.png */; };
		4F2C92AE1B64E4710044A27B /* favorite@2x.png in Resources */ = {isa = PBXBuildFile; fileRef = 4F2C92AB1B64E4710044A27B /* favorite@2x.png */; };
		4F2C92B21B66EC840044A27B /* favoritecorner@2x.png in Resources */ = {isa = PBXBuildFile; fileRef = 4F2C92AF1B66EC840044A27B /* favoritecorner@2x.png */; };
		4F2C92B31B66EC840044A27B /* favoritecorner.png in Resources */ = {isa = PBXBuildFile; fileRef = 4F2C92B01B66EC840044A27B /* favoritecorner.png */; };
		4F2C92B41B66EC840044A27B /* favoritecorner@3x.png in Resources */ = {isa = PBXBuildFile; fileRef = 4F2C92B11B66EC840044A27B /* favoritecorner@3x.png */; };
		4F2CE8B31BC93FE200D66319 /* DetailInterfaceController.swift in Sources */ = {isa = PBXBuildFile; fileRef = 4F2CE8B21BC93FE200D66319 /* DetailInterfaceController.swift */; settings = {ASSET_TAGS = (); }; };
		4F3AA98A1B71FEFD00640D04 /* FavoriteTableViewController.swift in Sources */ = {isa = PBXBuildFile; fileRef = 4F3AA9891B71FEFD00640D04 /* FavoriteTableViewController.swift */; };
		4F3EC6D41B20ACB4003C48E4 /* CertificateLogo.swift in Sources */ = {isa = PBXBuildFile; fileRef = 4F3EC6D31B20ACB4003C48E4 /* CertificateLogo.swift */; };
		4F3EC7001B24A147003C48E4 /* WebViewController.swift in Sources */ = {isa = PBXBuildFile; fileRef = 4F3EC6FF1B24A147003C48E4 /* WebViewController.swift */; };
		4F3EC7071B24B35B003C48E4 /* WebViewRefresh@2x.png in Resources */ = {isa = PBXBuildFile; fileRef = 4F3EC7011B24B35B003C48E4 /* WebViewRefresh@2x.png */; };
		4F3EC7081B24B35B003C48E4 /* WebViewForward@2x.png in Resources */ = {isa = PBXBuildFile; fileRef = 4F3EC7021B24B35B003C48E4 /* WebViewForward@2x.png */; };
		4F3EC7091B24B35B003C48E4 /* WebViewBack@2x.png in Resources */ = {isa = PBXBuildFile; fileRef = 4F3EC7031B24B35B003C48E4 /* WebViewBack@2x.png */; };
		4F3EC70A1B24B35B003C48E4 /* WebViewForward.png in Resources */ = {isa = PBXBuildFile; fileRef = 4F3EC7041B24B35B003C48E4 /* WebViewForward.png */; };
		4F3EC70B1B24B35B003C48E4 /* WebViewRefresh.png in Resources */ = {isa = PBXBuildFile; fileRef = 4F3EC7051B24B35B003C48E4 /* WebViewRefresh.png */; };
		4F3EC70C1B24B35B003C48E4 /* WebViewBack.png in Resources */ = {isa = PBXBuildFile; fileRef = 4F3EC7061B24B35B003C48E4 /* WebViewBack.png */; };
		4F4A26871BC934000077AEF5 /* Interface.storyboard in Resources */ = {isa = PBXBuildFile; fileRef = 4F4A26851BC934000077AEF5 /* Interface.storyboard */; };
		4F4A26891BC934000077AEF5 /* Assets.xcassets in Resources */ = {isa = PBXBuildFile; fileRef = 4F4A26881BC934000077AEF5 /* Assets.xcassets */; };
		4F4A26901BC934000077AEF5 /* watchOS2app Extension.appex in Embed App Extensions */ = {isa = PBXBuildFile; fileRef = 4F4A268F1BC934000077AEF5 /* watchOS2app Extension.appex */; settings = {ATTRIBUTES = (RemoveHeadersOnCopy, ); }; };
		4F4A26971BC934000077AEF5 /* ExtensionDelegate.swift in Sources */ = {isa = PBXBuildFile; fileRef = 4F4A26961BC934000077AEF5 /* ExtensionDelegate.swift */; };
		4F4A269B1BC934000077AEF5 /* Assets.xcassets in Resources */ = {isa = PBXBuildFile; fileRef = 4F4A269A1BC934000077AEF5 /* Assets.xcassets */; };
		4F4A269F1BC934000077AEF5 /* watchOS2app.app in Embed Watch Content */ = {isa = PBXBuildFile; fileRef = 4F4A26831BC934000077AEF5 /* watchOS2app.app */; };
		4F4A26A81BC934770077AEF5 /* MovieInterfaceController.swift in Sources */ = {isa = PBXBuildFile; fileRef = 4F4A26A71BC934770077AEF5 /* MovieInterfaceController.swift */; settings = {ASSET_TAGS = (); }; };
		4F4A26AA1BC936090077AEF5 /* WatchMovieRecord.swift in Sources */ = {isa = PBXBuildFile; fileRef = 4F4A26A91BC936090077AEF5 /* WatchMovieRecord.swift */; settings = {ASSET_TAGS = (); }; };
		4F4A26B21BC936B40077AEF5 /* DetailTitleMaker.swift in Sources */ = {isa = PBXBuildFile; fileRef = 4F4A26B11BC936B40077AEF5 /* DetailTitleMaker.swift */; settings = {ASSET_TAGS = (); }; };
		4F4A26B31BC936DE0077AEF5 /* Constants.swift in Sources */ = {isa = PBXBuildFile; fileRef = 4F87F9251A8DEE31001869A1 /* Constants.swift */; settings = {ASSET_TAGS = (); }; };
		4F4A26BA1BC93AC10077AEF5 /* EmptyRow.swift in Sources */ = {isa = PBXBuildFile; fileRef = 4F4A26B91BC93AC10077AEF5 /* EmptyRow.swift */; settings = {ASSET_TAGS = (); }; };
		4F4A26BC1BC93AD20077AEF5 /* DateRow.swift in Sources */ = {isa = PBXBuildFile; fileRef = 4F4A26BB1BC93AD20077AEF5 /* DateRow.swift */; settings = {ASSET_TAGS = (); }; };
		4F4A26BE1BC93AE90077AEF5 /* MovieRow.swift in Sources */ = {isa = PBXBuildFile; fileRef = 4F4A26BD1BC93AE90077AEF5 /* MovieRow.swift */; settings = {ASSET_TAGS = (); }; };
		4F583D561BAB1DBD000EF489 /* favoriteframe@3x.png in Resources */ = {isa = PBXBuildFile; fileRef = 4F583D531BAB1DBD000EF489 /* favoriteframe@3x.png */; };
		4F583D571BAB1DBD000EF489 /* favoriteframe@2x.png in Resources */ = {isa = PBXBuildFile; fileRef = 4F583D541BAB1DBD000EF489 /* favoriteframe@2x.png */; };
		4F583D581BAB1DBD000EF489 /* favoriteframe.png in Resources */ = {isa = PBXBuildFile; fileRef = 4F583D551BAB1DBD000EF489 /* favoriteframe.png */; };
		4F5857441BCFDF2E0066DDE1 /* StringExtension.swift in Sources */ = {isa = PBXBuildFile; fileRef = 4F5857431BCFDF2E0066DDE1 /* StringExtension.swift */; settings = {ASSET_TAGS = (); }; };
		4F5857451BCFDF3F0066DDE1 /* StringExtension.swift in Sources */ = {isa = PBXBuildFile; fileRef = 4F5857431BCFDF2E0066DDE1 /* StringExtension.swift */; settings = {ASSET_TAGS = (); }; };
		4F5857491BCFE7170066DDE1 /* refreshMenuItem@2x.png in Resources */ = {isa = PBXBuildFile; fileRef = 4F2CE8B01BC93FB500D66319 /* refreshMenuItem@2x.png */; settings = {ASSET_TAGS = (); }; };
		4F5EB0771BAA210200B1EFA0 /* starsgold.png in Resources */ = {isa = PBXBuildFile; fileRef = 4F5EB0711BAA210200B1EFA0 /* starsgold.png */; };
		4F5EB0781BAA210200B1EFA0 /* starsgold@2x.png in Resources */ = {isa = PBXBuildFile; fileRef = 4F5EB0721BAA210200B1EFA0 /* starsgold@2x.png */; };
		4F5EB0791BAA210200B1EFA0 /* starsgrey.png in Resources */ = {isa = PBXBuildFile; fileRef = 4F5EB0731BAA210200B1EFA0 /* starsgrey.png */; };
		4F5EB07A1BAA210200B1EFA0 /* starsgold@3x.png in Resources */ = {isa = PBXBuildFile; fileRef = 4F5EB0741BAA210200B1EFA0 /* starsgold@3x.png */; };
		4F5EB07B1BAA210200B1EFA0 /* starsgrey@3x.png in Resources */ = {isa = PBXBuildFile; fileRef = 4F5EB0751BAA210200B1EFA0 /* starsgrey@3x.png */; };
		4F5EB07C1BAA210200B1EFA0 /* starsgrey@2x.png in Resources */ = {isa = PBXBuildFile; fileRef = 4F5EB0761BAA210200B1EFA0 /* starsgrey@2x.png */; };
		4F63E61E1A992BCA00528FB3 /* DatabaseHelper.swift in Sources */ = {isa = PBXBuildFile; fileRef = 4F63E61D1A992BCA00528FB3 /* DatabaseHelper.swift */; };
		4F63E6211A99CB5D00528FB3 /* Localizable.strings in Resources */ = {isa = PBXBuildFile; fileRef = 4F63E6231A99CB5D00528FB3 /* Localizable.strings */; };
		4F63E6291A9A3E1100528FB3 /* LaunchBackground.jpg in Resources */ = {isa = PBXBuildFile; fileRef = 4F63E6281A9A3E1100528FB3 /* LaunchBackground.jpg */; };
		4F63E62E1A9A416100528FB3 /* LaunchLogo@2x.png in Resources */ = {isa = PBXBuildFile; fileRef = 4F63E62B1A9A416100528FB3 /* LaunchLogo@2x.png */; };
		4F63E62F1A9A416100528FB3 /* LaunchLogo.png in Resources */ = {isa = PBXBuildFile; fileRef = 4F63E62C1A9A416100528FB3 /* LaunchLogo.png */; };
		4F63E6301A9A416100528FB3 /* LaunchLogo@3x.png in Resources */ = {isa = PBXBuildFile; fileRef = 4F63E62D1A9A416100528FB3 /* LaunchLogo@3x.png */; };
		4F63E6391A9A8CD100528FB3 /* icon29@3x.png in Resources */ = {isa = PBXBuildFile; fileRef = 4F63E6331A9A8CD100528FB3 /* icon29@3x.png */; };
		4F63E63A1A9A8CD100528FB3 /* icon40@3x.png in Resources */ = {isa = PBXBuildFile; fileRef = 4F63E6341A9A8CD100528FB3 /* icon40@3x.png */; };
		4F63E63B1A9A8CD100528FB3 /* icon40@2x.png in Resources */ = {isa = PBXBuildFile; fileRef = 4F63E6351A9A8CD100528FB3 /* icon40@2x.png */; };
		4F63E63C1A9A8CD100528FB3 /* icon60@3x.png in Resources */ = {isa = PBXBuildFile; fileRef = 4F63E6361A9A8CD100528FB3 /* icon60@3x.png */; };
		4F63E63D1A9A8CD100528FB3 /* icon60@2x.png in Resources */ = {isa = PBXBuildFile; fileRef = 4F63E6371A9A8CD100528FB3 /* icon60@2x.png */; };
		4F63E63E1A9A8CD100528FB3 /* icon29@2x.png in Resources */ = {isa = PBXBuildFile; fileRef = 4F63E6381A9A8CD100528FB3 /* icon29@2x.png */; };
		4F63E6401A9D24BA00528FB3 /* StartViewController.swift in Sources */ = {isa = PBXBuildFile; fileRef = 4F63E63F1A9D24BA00528FB3 /* StartViewController.swift */; };
		4F63E6421A9D2A8B00528FB3 /* TabBarController.swift in Sources */ = {isa = PBXBuildFile; fileRef = 4F63E6411A9D2A8B00528FB3 /* TabBarController.swift */; };
		4F6914821A8C041D00B8FFCE /* MovieTableViewController.swift in Sources */ = {isa = PBXBuildFile; fileRef = 4F6914811A8C041D00B8FFCE /* MovieTableViewController.swift */; };
		4F69148C1A8C085300B8FFCE /* Video@3x.png in Resources */ = {isa = PBXBuildFile; fileRef = 4F6914831A8C085300B8FFCE /* Video@3x.png */; };
		4F69148E1A8C085300B8FFCE /* Calendar.png in Resources */ = {isa = PBXBuildFile; fileRef = 4F6914851A8C085300B8FFCE /* Calendar.png */; };
		4F69148F1A8C085300B8FFCE /* Calendar@2x.png in Resources */ = {isa = PBXBuildFile; fileRef = 4F6914861A8C085300B8FFCE /* Calendar@2x.png */; };
		4F6914901A8C085300B8FFCE /* Settings@2x.png in Resources */ = {isa = PBXBuildFile; fileRef = 4F6914871A8C085300B8FFCE /* Settings@2x.png */; };
		4F6914911A8C085300B8FFCE /* Video.png in Resources */ = {isa = PBXBuildFile; fileRef = 4F6914881A8C085300B8FFCE /* Video.png */; };
		4F6914921A8C085300B8FFCE /* Settings@3x.png in Resources */ = {isa = PBXBuildFile; fileRef = 4F6914891A8C085300B8FFCE /* Settings@3x.png */; };
		4F6914931A8C085300B8FFCE /* Settings.png in Resources */ = {isa = PBXBuildFile; fileRef = 4F69148A1A8C085300B8FFCE /* Settings.png */; };
		4F6914941A8C085300B8FFCE /* Video@2x.png in Resources */ = {isa = PBXBuildFile; fileRef = 4F69148B1A8C085300B8FFCE /* Video@2x.png */; };
		4F6914961A8C09BA00B8FFCE /* UpcomingTableViewController.swift in Sources */ = {isa = PBXBuildFile; fileRef = 4F6914951A8C09BA00B8FFCE /* UpcomingTableViewController.swift */; };
		4F70ACC01BCC419100E34987 /* WatchSessionManager.swift in Sources */ = {isa = PBXBuildFile; fileRef = 4F70ACBF1BCC419100E34987 /* WatchSessionManager.swift */; settings = {ASSET_TAGS = (); }; };
		4F70ACC21BCC461A00E34987 /* WatchSessionManager.swift in Sources */ = {isa = PBXBuildFile; fileRef = 4F70ACC11BCC461A00E34987 /* WatchSessionManager.swift */; settings = {ASSET_TAGS = (); }; };
		4F70ACC51BCD02D700E34987 /* Localizable.strings in Resources */ = {isa = PBXBuildFile; fileRef = 4F63E6231A99CB5D00528FB3 /* Localizable.strings */; settings = {ASSET_TAGS = (); }; };
		4F7203811B9D9463006A4282 /* welcome.png in Resources */ = {isa = PBXBuildFile; fileRef = 4F72037E1B9D9463006A4282 /* welcome.png */; };
		4F7203821B9D9463006A4282 /* welcome@2x.png in Resources */ = {isa = PBXBuildFile; fileRef = 4F72037F1B9D9463006A4282 /* welcome@2x.png */; };
		4F7203831B9D9463006A4282 /* welcome@3x.png in Resources */ = {isa = PBXBuildFile; fileRef = 4F7203801B9D9463006A4282 /* welcome@3x.png */; };
		4F7A99961BABF0B500ED38C9 /* favoritetab.png in Resources */ = {isa = PBXBuildFile; fileRef = 4F7A99931BABF0B500ED38C9 /* favoritetab.png */; };
		4F7A99971BABF0B500ED38C9 /* favoritetab@2x.png in Resources */ = {isa = PBXBuildFile; fileRef = 4F7A99941BABF0B500ED38C9 /* favoritetab@2x.png */; };
		4F7A99981BABF0B500ED38C9 /* favoritetab@3x.png in Resources */ = {isa = PBXBuildFile; fileRef = 4F7A99951BABF0B500ED38C9 /* favoritetab@3x.png */; };
		4F7A999C1BAC68D000ED38C9 /* abouticon.png in Resources */ = {isa = PBXBuildFile; fileRef = 4F7A99991BAC68D000ED38C9 /* abouticon.png */; };
		4F7A999D1BAC68D000ED38C9 /* abouticon@2x.png in Resources */ = {isa = PBXBuildFile; fileRef = 4F7A999A1BAC68D000ED38C9 /* abouticon@2x.png */; };
		4F7A999E1BAC68D000ED38C9 /* abouticon@3x.png in Resources */ = {isa = PBXBuildFile; fileRef = 4F7A999B1BAC68D000ED38C9 /* abouticon@3x.png */; };
		4F7A99A41BACC4EB00ED38C9 /* tmdb@2x.png in Resources */ = {isa = PBXBuildFile; fileRef = 4F7A99A11BACC4EB00ED38C9 /* tmdb@2x.png */; };
		4F7A99A51BACC4EB00ED38C9 /* tmdb@3x.png in Resources */ = {isa = PBXBuildFile; fileRef = 4F7A99A21BACC4EB00ED38C9 /* tmdb@3x.png */; };
		4F7A99A61BACC4EB00ED38C9 /* tmdb.png in Resources */ = {isa = PBXBuildFile; fileRef = 4F7A99A31BACC4EB00ED38C9 /* tmdb.png */; };
		4F7A99A81BAE1A6700ED38C9 /* AnimatedTabBar.swift in Sources */ = {isa = PBXBuildFile; fileRef = 4F7A99A71BAE1A6700ED38C9 /* AnimatedTabBar.swift */; };
		4F7A99AD1BAEA0CE00ED38C9 /* MovieViewControllerPosters.swift in Sources */ = {isa = PBXBuildFile; fileRef = 4F7A99AC1BAEA0CE00ED38C9 /* MovieViewControllerPosters.swift */; };
		4F7A99AF1BAF01E600ED38C9 /* NetworkChecker.swift in Sources */ = {isa = PBXBuildFile; fileRef = 4F7A99AE1BAF01E600ED38C9 /* NetworkChecker.swift */; };
		4F7B49D51B04B77100F54454 /* MovieViewController.swift in Sources */ = {isa = PBXBuildFile; fileRef = 4F7B49D41B04B77100F54454 /* MovieViewController.swift */; };
		4F87F9261A8DEE31001869A1 /* Constants.swift in Sources */ = {isa = PBXBuildFile; fileRef = 4F87F9251A8DEE31001869A1 /* Constants.swift */; };
		4F8ED3EC1B4442C7008C24FE /* MovieTableViewCell.swift in Sources */ = {isa = PBXBuildFile; fileRef = 4F8ED3EA1B4442C7008C24FE /* MovieTableViewCell.swift */; };
		4F8ED3ED1B4442C7008C24FE /* MovieTableViewCell.xib in Resources */ = {isa = PBXBuildFile; fileRef = 4F8ED3EB1B4442C7008C24FE /* MovieTableViewCell.xib */; };
		4F8ED3EF1B444B43008C24FE /* noposter.png in Resources */ = {isa = PBXBuildFile; fileRef = 4F8ED3EE1B444B43008C24FE /* noposter.png */; };
		4F934C971BCDBD3900BCAFB0 /* WatchMovieRecord.swift in Sources */ = {isa = PBXBuildFile; fileRef = 4F4A26A91BC936090077AEF5 /* WatchMovieRecord.swift */; settings = {ASSET_TAGS = (); }; };
		4F934C991BCE9BB000BCAFB0 /* LaunchStatus.swift in Sources */ = {isa = PBXBuildFile; fileRef = 4F934C981BCE9BB000BCAFB0 /* LaunchStatus.swift */; settings = {ASSET_TAGS = (); }; };
		4F94A93D1AA84E1000E5F27F /* Calendar@3x.png in Resources */ = {isa = PBXBuildFile; fileRef = 4F94A93C1AA84E1000E5F27F /* Calendar@3x.png */; };
		4F9E658D1BC14694006C6BA9 /* CloudKit.framework in Frameworks */ = {isa = PBXBuildFile; fileRef = 4FAFF8EB1A8C002B00864078 /* CloudKit.framework */; };
		4FAE075B1B555615009C7507 /* NowTableViewController.swift in Sources */ = {isa = PBXBuildFile; fileRef = 4FAE075A1B555615009C7507 /* NowTableViewController.swift */; };
		4FAFF8C91A8BFFE500864078 /* AppDelegate.swift in Sources */ = {isa = PBXBuildFile; fileRef = 4FAFF8C81A8BFFE500864078 /* AppDelegate.swift */; };
		4FAFF8D01A8BFFE500864078 /* Main.storyboard in Resources */ = {isa = PBXBuildFile; fileRef = 4FAFF8CE1A8BFFE500864078 /* Main.storyboard */; };
		4FAFF8D21A8BFFE500864078 /* Images.xcassets in Resources */ = {isa = PBXBuildFile; fileRef = 4FAFF8D11A8BFFE500864078 /* Images.xcassets */; };
		4FAFF8D51A8BFFE500864078 /* LaunchScreen.xib in Resources */ = {isa = PBXBuildFile; fileRef = 4FAFF8D31A8BFFE500864078 /* LaunchScreen.xib */; };
		4FBB03CC1BA862B50053CE99 /* AboutViewController.swift in Sources */ = {isa = PBXBuildFile; fileRef = 4FBB03CB1BA862B50053CE99 /* AboutViewController.swift */; };
		4FEAAED51B8797940074C3AF /* MovieTab.swift in Sources */ = {isa = PBXBuildFile; fileRef = 4FEAAED41B8797940074C3AF /* MovieTab.swift */; };
		4FECDF201A8FE27D00F84A52 /* Database.swift in Sources */ = {isa = PBXBuildFile; fileRef = 4FECDF1F1A8FE27D00F84A52 /* Database.swift */; };
		4FECDF221A9096A700F84A52 /* MovieRecord.swift in Sources */ = {isa = PBXBuildFile; fileRef = 4FECDF211A9096A700F84A52 /* MovieRecord.swift */; };
		4FFC9FB11BAF14CF007A24CA /* BigPosterDatabase.swift in Sources */ = {isa = PBXBuildFile; fileRef = 4FFC9FB01BAF14CF007A24CA /* BigPosterDatabase.swift */; };
		4FFC9FB31BAF1803007A24CA /* DatabaseParent.swift in Sources */ = {isa = PBXBuildFile; fileRef = 4FFC9FB21BAF1803007A24CA /* DatabaseParent.swift */; };
		4FFE43461BA5D1420080D9F3 /* IJReachability.swift in Sources */ = {isa = PBXBuildFile; fileRef = 4FFE43451BA5D1420080D9F3 /* IJReachability.swift */; };
		4FFE43481BA6B4D10080D9F3 /* MessageWindow.swift in Sources */ = {isa = PBXBuildFile; fileRef = 4FFE43471BA6B4D10080D9F3 /* MessageWindow.swift */; };
/* End PBXBuildFile section */

/* Begin PBXContainerItemProxy section */
		4F2C910E1B6216F50044A27B /* PBXContainerItemProxy */ = {
			isa = PBXContainerItemProxy;
			containerPortal = 4FAFF8BB1A8BFFE500864078 /* Project object */;
			proxyType = 1;
			remoteGlobalIDString = 4FAFF8C21A8BFFE500864078;
			remoteInfo = MovieStarts;
		};
		4F4A26911BC934000077AEF5 /* PBXContainerItemProxy */ = {
			isa = PBXContainerItemProxy;
			containerPortal = 4FAFF8BB1A8BFFE500864078 /* Project object */;
			proxyType = 1;
			remoteGlobalIDString = 4F4A268E1BC934000077AEF5;
			remoteInfo = "watchOS2app Extension";
		};
		4F4A269D1BC934000077AEF5 /* PBXContainerItemProxy */ = {
			isa = PBXContainerItemProxy;
			containerPortal = 4FAFF8BB1A8BFFE500864078 /* Project object */;
			proxyType = 1;
			remoteGlobalIDString = 4F4A26821BC934000077AEF5;
			remoteInfo = watchOS2app;
		};
/* End PBXContainerItemProxy section */

/* Begin PBXCopyFilesBuildPhase section */
		4F4A26A31BC934000077AEF5 /* Embed App Extensions */ = {
			isa = PBXCopyFilesBuildPhase;
			buildActionMask = 2147483647;
			dstPath = "";
			dstSubfolderSpec = 13;
			files = (
				4F4A26901BC934000077AEF5 /* watchOS2app Extension.appex in Embed App Extensions */,
			);
			name = "Embed App Extensions";
			runOnlyForDeploymentPostprocessing = 0;
		};
		4F8EE10D1BC13B9C00F1710A /* Embed Watch Content */ = {
			isa = PBXCopyFilesBuildPhase;
			buildActionMask = 2147483647;
			dstPath = "$(CONTENTS_FOLDER_PATH)/Watch";
			dstSubfolderSpec = 16;
			files = (
				4F4A269F1BC934000077AEF5 /* watchOS2app.app in Embed Watch Content */,
			);
			name = "Embed Watch Content";
			runOnlyForDeploymentPostprocessing = 0;
		};
/* End PBXCopyFilesBuildPhase section */

/* Begin PBXFileReference section */
		4F0953401B9F17D50040BBC9 /* SettingsTableViewController.swift */ = {isa = PBXFileReference; fileEncoding = 4; lastKnownFileType = sourcecode.swift; path = SettingsTableViewController.swift; sourceTree = "<group>"; };
		4F2C91081B6216F50044A27B /* MovieStartsTests.xctest */ = {isa = PBXFileReference; explicitFileType = wrapper.cfbundle; includeInIndex = 0; path = MovieStartsTests.xctest; sourceTree = BUILT_PRODUCTS_DIR; };
		4F2C910B1B6216F50044A27B /* Info.plist */ = {isa = PBXFileReference; lastKnownFileType = text.plist.xml; path = Info.plist; sourceTree = "<group>"; };
		4F2C91131B621BE70044A27B /* DatabaseHelperTests.swift */ = {isa = PBXFileReference; fileEncoding = 4; lastKnownFileType = sourcecode.swift; path = DatabaseHelperTests.swift; sourceTree = "<group>"; };
		4F2C91151B622FC40044A27B /* MovieRecordTests.swift */ = {isa = PBXFileReference; fileEncoding = 4; lastKnownFileType = sourcecode.swift; path = MovieRecordTests.swift; sourceTree = "<group>"; };
		4F2C91171B6374810044A27B /* Favorites.swift */ = {isa = PBXFileReference; fileEncoding = 4; lastKnownFileType = sourcecode.swift; path = Favorites.swift; sourceTree = "<group>"; };
		4F2C92A91B64E4710044A27B /* favorite.png */ = {isa = PBXFileReference; lastKnownFileType = image.png; path = favorite.png; sourceTree = "<group>"; };
		4F2C92AA1B64E4710044A27B /* favorite@3x.png */ = {isa = PBXFileReference; lastKnownFileType = image.png; path = "favorite@3x.png"; sourceTree = "<group>"; };
		4F2C92AB1B64E4710044A27B /* favorite@2x.png */ = {isa = PBXFileReference; lastKnownFileType = image.png; path = "favorite@2x.png"; sourceTree = "<group>"; };
		4F2C92AF1B66EC840044A27B /* favoritecorner@2x.png */ = {isa = PBXFileReference; lastKnownFileType = image.png; path = "favoritecorner@2x.png"; sourceTree = "<group>"; };
		4F2C92B01B66EC840044A27B /* favoritecorner.png */ = {isa = PBXFileReference; lastKnownFileType = image.png; path = favoritecorner.png; sourceTree = "<group>"; };
		4F2C92B11B66EC840044A27B /* favoritecorner@3x.png */ = {isa = PBXFileReference; lastKnownFileType = image.png; path = "favoritecorner@3x.png"; sourceTree = "<group>"; };
		4F2CE8B01BC93FB500D66319 /* refreshMenuItem@2x.png */ = {isa = PBXFileReference; lastKnownFileType = image.png; name = "refreshMenuItem@2x.png"; path = "watchOS2app Extension/refreshMenuItem@2x.png"; sourceTree = SOURCE_ROOT; };
		4F2CE8B21BC93FE200D66319 /* DetailInterfaceController.swift */ = {isa = PBXFileReference; fileEncoding = 4; lastKnownFileType = sourcecode.swift; path = DetailInterfaceController.swift; sourceTree = "<group>"; };
		4F3AA9891B71FEFD00640D04 /* FavoriteTableViewController.swift */ = {isa = PBXFileReference; fileEncoding = 4; lastKnownFileType = sourcecode.swift; path = FavoriteTableViewController.swift; sourceTree = "<group>"; };
		4F3EC6D31B20ACB4003C48E4 /* CertificateLogo.swift */ = {isa = PBXFileReference; fileEncoding = 4; lastKnownFileType = sourcecode.swift; path = CertificateLogo.swift; sourceTree = "<group>"; };
		4F3EC6FF1B24A147003C48E4 /* WebViewController.swift */ = {isa = PBXFileReference; fileEncoding = 4; lastKnownFileType = sourcecode.swift; path = WebViewController.swift; sourceTree = "<group>"; };
		4F3EC7011B24B35B003C48E4 /* WebViewRefresh@2x.png */ = {isa = PBXFileReference; lastKnownFileType = image.png; path = "WebViewRefresh@2x.png"; sourceTree = "<group>"; };
		4F3EC7021B24B35B003C48E4 /* WebViewForward@2x.png */ = {isa = PBXFileReference; lastKnownFileType = image.png; path = "WebViewForward@2x.png"; sourceTree = "<group>"; };
		4F3EC7031B24B35B003C48E4 /* WebViewBack@2x.png */ = {isa = PBXFileReference; lastKnownFileType = image.png; path = "WebViewBack@2x.png"; sourceTree = "<group>"; };
		4F3EC7041B24B35B003C48E4 /* WebViewForward.png */ = {isa = PBXFileReference; lastKnownFileType = image.png; path = WebViewForward.png; sourceTree = "<group>"; };
		4F3EC7051B24B35B003C48E4 /* WebViewRefresh.png */ = {isa = PBXFileReference; lastKnownFileType = image.png; path = WebViewRefresh.png; sourceTree = "<group>"; };
		4F3EC7061B24B35B003C48E4 /* WebViewBack.png */ = {isa = PBXFileReference; lastKnownFileType = image.png; path = WebViewBack.png; sourceTree = "<group>"; };
		4F4A26831BC934000077AEF5 /* watchOS2app.app */ = {isa = PBXFileReference; explicitFileType = wrapper.application; includeInIndex = 0; path = watchOS2app.app; sourceTree = BUILT_PRODUCTS_DIR; };
		4F4A26861BC934000077AEF5 /* Base */ = {isa = PBXFileReference; lastKnownFileType = file.storyboard; name = Base; path = Base.lproj/Interface.storyboard; sourceTree = "<group>"; };
		4F4A26881BC934000077AEF5 /* Assets.xcassets */ = {isa = PBXFileReference; lastKnownFileType = folder.assetcatalog; path = Assets.xcassets; sourceTree = "<group>"; };
		4F4A268A1BC934000077AEF5 /* Info.plist */ = {isa = PBXFileReference; lastKnownFileType = text.plist.xml; path = Info.plist; sourceTree = "<group>"; };
		4F4A268F1BC934000077AEF5 /* watchOS2app Extension.appex */ = {isa = PBXFileReference; explicitFileType = "wrapper.app-extension"; includeInIndex = 0; path = "watchOS2app Extension.appex"; sourceTree = BUILT_PRODUCTS_DIR; };
		4F4A26961BC934000077AEF5 /* ExtensionDelegate.swift */ = {isa = PBXFileReference; lastKnownFileType = sourcecode.swift; path = ExtensionDelegate.swift; sourceTree = "<group>"; };
		4F4A269A1BC934000077AEF5 /* Assets.xcassets */ = {isa = PBXFileReference; lastKnownFileType = folder.assetcatalog; path = Assets.xcassets; sourceTree = "<group>"; };
		4F4A269C1BC934000077AEF5 /* Info.plist */ = {isa = PBXFileReference; lastKnownFileType = text.plist.xml; path = Info.plist; sourceTree = "<group>"; };
		4F4A26A71BC934770077AEF5 /* MovieInterfaceController.swift */ = {isa = PBXFileReference; fileEncoding = 4; lastKnownFileType = sourcecode.swift; path = MovieInterfaceController.swift; sourceTree = "<group>"; };
		4F4A26A91BC936090077AEF5 /* WatchMovieRecord.swift */ = {isa = PBXFileReference; fileEncoding = 4; lastKnownFileType = sourcecode.swift; path = WatchMovieRecord.swift; sourceTree = "<group>"; };
		4F4A26B11BC936B40077AEF5 /* DetailTitleMaker.swift */ = {isa = PBXFileReference; fileEncoding = 4; lastKnownFileType = sourcecode.swift; path = DetailTitleMaker.swift; sourceTree = "<group>"; };
		4F4A26B91BC93AC10077AEF5 /* EmptyRow.swift */ = {isa = PBXFileReference; fileEncoding = 4; lastKnownFileType = sourcecode.swift; path = EmptyRow.swift; sourceTree = "<group>"; };
		4F4A26BB1BC93AD20077AEF5 /* DateRow.swift */ = {isa = PBXFileReference; fileEncoding = 4; lastKnownFileType = sourcecode.swift; path = DateRow.swift; sourceTree = "<group>"; };
		4F4A26BD1BC93AE90077AEF5 /* MovieRow.swift */ = {isa = PBXFileReference; fileEncoding = 4; lastKnownFileType = sourcecode.swift; path = MovieRow.swift; sourceTree = "<group>"; };
		4F583D531BAB1DBD000EF489 /* favoriteframe@3x.png */ = {isa = PBXFileReference; lastKnownFileType = image.png; path = "favoriteframe@3x.png"; sourceTree = "<group>"; };
		4F583D541BAB1DBD000EF489 /* favoriteframe@2x.png */ = {isa = PBXFileReference; lastKnownFileType = image.png; path = "favoriteframe@2x.png"; sourceTree = "<group>"; };
		4F583D551BAB1DBD000EF489 /* favoriteframe.png */ = {isa = PBXFileReference; lastKnownFileType = image.png; path = favoriteframe.png; sourceTree = "<group>"; };
		4F5857431BCFDF2E0066DDE1 /* StringExtension.swift */ = {isa = PBXFileReference; fileEncoding = 4; lastKnownFileType = sourcecode.swift; path = StringExtension.swift; sourceTree = "<group>"; };
		4F5EB0711BAA210200B1EFA0 /* starsgold.png */ = {isa = PBXFileReference; lastKnownFileType = image.png; path = starsgold.png; sourceTree = "<group>"; };
		4F5EB0721BAA210200B1EFA0 /* starsgold@2x.png */ = {isa = PBXFileReference; lastKnownFileType = image.png; path = "starsgold@2x.png"; sourceTree = "<group>"; };
		4F5EB0731BAA210200B1EFA0 /* starsgrey.png */ = {isa = PBXFileReference; lastKnownFileType = image.png; path = starsgrey.png; sourceTree = "<group>"; };
		4F5EB0741BAA210200B1EFA0 /* starsgold@3x.png */ = {isa = PBXFileReference; lastKnownFileType = image.png; path = "starsgold@3x.png"; sourceTree = "<group>"; };
		4F5EB0751BAA210200B1EFA0 /* starsgrey@3x.png */ = {isa = PBXFileReference; lastKnownFileType = image.png; path = "starsgrey@3x.png"; sourceTree = "<group>"; };
		4F5EB0761BAA210200B1EFA0 /* starsgrey@2x.png */ = {isa = PBXFileReference; lastKnownFileType = image.png; path = "starsgrey@2x.png"; sourceTree = "<group>"; };
		4F63E61D1A992BCA00528FB3 /* DatabaseHelper.swift */ = {isa = PBXFileReference; fileEncoding = 4; lastKnownFileType = sourcecode.swift; path = DatabaseHelper.swift; sourceTree = "<group>"; };
		4F63E6251A99CB9E00528FB3 /* de */ = {isa = PBXFileReference; lastKnownFileType = text.plist.strings; name = de; path = de.lproj/Localizable.strings; sourceTree = "<group>"; };
		4F63E6271A99CBD400528FB3 /* en */ = {isa = PBXFileReference; lastKnownFileType = text.plist.strings; name = en; path = en.lproj/Localizable.strings; sourceTree = "<group>"; };
		4F63E6281A9A3E1100528FB3 /* LaunchBackground.jpg */ = {isa = PBXFileReference; lastKnownFileType = image.jpeg; path = LaunchBackground.jpg; sourceTree = "<group>"; };
		4F63E62B1A9A416100528FB3 /* LaunchLogo@2x.png */ = {isa = PBXFileReference; lastKnownFileType = image.png; path = "LaunchLogo@2x.png"; sourceTree = "<group>"; };
		4F63E62C1A9A416100528FB3 /* LaunchLogo.png */ = {isa = PBXFileReference; lastKnownFileType = image.png; path = LaunchLogo.png; sourceTree = "<group>"; };
		4F63E62D1A9A416100528FB3 /* LaunchLogo@3x.png */ = {isa = PBXFileReference; lastKnownFileType = image.png; path = "LaunchLogo@3x.png"; sourceTree = "<group>"; };
		4F63E6331A9A8CD100528FB3 /* icon29@3x.png */ = {isa = PBXFileReference; lastKnownFileType = image.png; path = "icon29@3x.png"; sourceTree = "<group>"; };
		4F63E6341A9A8CD100528FB3 /* icon40@3x.png */ = {isa = PBXFileReference; lastKnownFileType = image.png; path = "icon40@3x.png"; sourceTree = "<group>"; };
		4F63E6351A9A8CD100528FB3 /* icon40@2x.png */ = {isa = PBXFileReference; lastKnownFileType = image.png; path = "icon40@2x.png"; sourceTree = "<group>"; };
		4F63E6361A9A8CD100528FB3 /* icon60@3x.png */ = {isa = PBXFileReference; lastKnownFileType = image.png; path = "icon60@3x.png"; sourceTree = "<group>"; };
		4F63E6371A9A8CD100528FB3 /* icon60@2x.png */ = {isa = PBXFileReference; lastKnownFileType = image.png; path = "icon60@2x.png"; sourceTree = "<group>"; };
		4F63E6381A9A8CD100528FB3 /* icon29@2x.png */ = {isa = PBXFileReference; lastKnownFileType = image.png; path = "icon29@2x.png"; sourceTree = "<group>"; };
		4F63E63F1A9D24BA00528FB3 /* StartViewController.swift */ = {isa = PBXFileReference; fileEncoding = 4; lastKnownFileType = sourcecode.swift; path = StartViewController.swift; sourceTree = "<group>"; };
		4F63E6411A9D2A8B00528FB3 /* TabBarController.swift */ = {isa = PBXFileReference; fileEncoding = 4; lastKnownFileType = sourcecode.swift; path = TabBarController.swift; sourceTree = "<group>"; };
		4F6914811A8C041D00B8FFCE /* MovieTableViewController.swift */ = {isa = PBXFileReference; fileEncoding = 4; lastKnownFileType = sourcecode.swift; path = MovieTableViewController.swift; sourceTree = "<group>"; };
		4F6914831A8C085300B8FFCE /* Video@3x.png */ = {isa = PBXFileReference; lastKnownFileType = image.png; path = "Video@3x.png"; sourceTree = "<group>"; };
		4F6914851A8C085300B8FFCE /* Calendar.png */ = {isa = PBXFileReference; lastKnownFileType = image.png; path = Calendar.png; sourceTree = "<group>"; };
		4F6914861A8C085300B8FFCE /* Calendar@2x.png */ = {isa = PBXFileReference; lastKnownFileType = image.png; path = "Calendar@2x.png"; sourceTree = "<group>"; };
		4F6914871A8C085300B8FFCE /* Settings@2x.png */ = {isa = PBXFileReference; lastKnownFileType = image.png; path = "Settings@2x.png"; sourceTree = "<group>"; };
		4F6914881A8C085300B8FFCE /* Video.png */ = {isa = PBXFileReference; lastKnownFileType = image.png; path = Video.png; sourceTree = "<group>"; };
		4F6914891A8C085300B8FFCE /* Settings@3x.png */ = {isa = PBXFileReference; lastKnownFileType = image.png; path = "Settings@3x.png"; sourceTree = "<group>"; };
		4F69148A1A8C085300B8FFCE /* Settings.png */ = {isa = PBXFileReference; lastKnownFileType = image.png; path = Settings.png; sourceTree = "<group>"; };
		4F69148B1A8C085300B8FFCE /* Video@2x.png */ = {isa = PBXFileReference; lastKnownFileType = image.png; path = "Video@2x.png"; sourceTree = "<group>"; };
		4F6914951A8C09BA00B8FFCE /* UpcomingTableViewController.swift */ = {isa = PBXFileReference; fileEncoding = 4; lastKnownFileType = sourcecode.swift; path = UpcomingTableViewController.swift; sourceTree = "<group>"; };
		4F70ACBF1BCC419100E34987 /* WatchSessionManager.swift */ = {isa = PBXFileReference; fileEncoding = 4; lastKnownFileType = sourcecode.swift; path = WatchSessionManager.swift; sourceTree = "<group>"; };
		4F70ACC11BCC461A00E34987 /* WatchSessionManager.swift */ = {isa = PBXFileReference; fileEncoding = 4; lastKnownFileType = sourcecode.swift; path = WatchSessionManager.swift; sourceTree = "<group>"; };
		4F72037E1B9D9463006A4282 /* welcome.png */ = {isa = PBXFileReference; lastKnownFileType = image.png; path = welcome.png; sourceTree = "<group>"; };
		4F72037F1B9D9463006A4282 /* welcome@2x.png */ = {isa = PBXFileReference; lastKnownFileType = image.png; path = "welcome@2x.png"; sourceTree = "<group>"; };
		4F7203801B9D9463006A4282 /* welcome@3x.png */ = {isa = PBXFileReference; lastKnownFileType = image.png; path = "welcome@3x.png"; sourceTree = "<group>"; };
		4F7A99931BABF0B500ED38C9 /* favoritetab.png */ = {isa = PBXFileReference; lastKnownFileType = image.png; path = favoritetab.png; sourceTree = "<group>"; };
		4F7A99941BABF0B500ED38C9 /* favoritetab@2x.png */ = {isa = PBXFileReference; lastKnownFileType = image.png; path = "favoritetab@2x.png"; sourceTree = "<group>"; };
		4F7A99951BABF0B500ED38C9 /* favoritetab@3x.png */ = {isa = PBXFileReference; lastKnownFileType = image.png; path = "favoritetab@3x.png"; sourceTree = "<group>"; };
		4F7A99991BAC68D000ED38C9 /* abouticon.png */ = {isa = PBXFileReference; lastKnownFileType = image.png; path = abouticon.png; sourceTree = "<group>"; };
		4F7A999A1BAC68D000ED38C9 /* abouticon@2x.png */ = {isa = PBXFileReference; lastKnownFileType = image.png; path = "abouticon@2x.png"; sourceTree = "<group>"; };
		4F7A999B1BAC68D000ED38C9 /* abouticon@3x.png */ = {isa = PBXFileReference; lastKnownFileType = image.png; path = "abouticon@3x.png"; sourceTree = "<group>"; };
		4F7A99A11BACC4EB00ED38C9 /* tmdb@2x.png */ = {isa = PBXFileReference; lastKnownFileType = image.png; path = "tmdb@2x.png"; sourceTree = "<group>"; };
		4F7A99A21BACC4EB00ED38C9 /* tmdb@3x.png */ = {isa = PBXFileReference; lastKnownFileType = image.png; path = "tmdb@3x.png"; sourceTree = "<group>"; };
		4F7A99A31BACC4EB00ED38C9 /* tmdb.png */ = {isa = PBXFileReference; lastKnownFileType = image.png; path = tmdb.png; sourceTree = "<group>"; };
		4F7A99A71BAE1A6700ED38C9 /* AnimatedTabBar.swift */ = {isa = PBXFileReference; fileEncoding = 4; lastKnownFileType = sourcecode.swift; path = AnimatedTabBar.swift; sourceTree = "<group>"; };
		4F7A99AC1BAEA0CE00ED38C9 /* MovieViewControllerPosters.swift */ = {isa = PBXFileReference; fileEncoding = 4; lastKnownFileType = sourcecode.swift; path = MovieViewControllerPosters.swift; sourceTree = "<group>"; };
		4F7A99AE1BAF01E600ED38C9 /* NetworkChecker.swift */ = {isa = PBXFileReference; fileEncoding = 4; lastKnownFileType = sourcecode.swift; path = NetworkChecker.swift; sourceTree = "<group>"; };
		4F7B49D41B04B77100F54454 /* MovieViewController.swift */ = {isa = PBXFileReference; fileEncoding = 4; lastKnownFileType = sourcecode.swift; name = MovieViewController.swift; path = ../MovieViewController.swift; sourceTree = "<group>"; };
		4F7F97201B53F7C100054F18 /* Reveal.framework */ = {isa = PBXFileReference; lastKnownFileType = wrapper.framework; name = Reveal.framework; path = "../../../../../../../Applications/Reveal.app/Contents/SharedSupport/iOS-Libraries/Reveal.framework"; sourceTree = "<group>"; };
		4F87F9251A8DEE31001869A1 /* Constants.swift */ = {isa = PBXFileReference; fileEncoding = 4; lastKnownFileType = sourcecode.swift; path = Constants.swift; sourceTree = "<group>"; };
		4F8ED3EA1B4442C7008C24FE /* MovieTableViewCell.swift */ = {isa = PBXFileReference; fileEncoding = 4; lastKnownFileType = sourcecode.swift; path = MovieTableViewCell.swift; sourceTree = "<group>"; };
		4F8ED3EB1B4442C7008C24FE /* MovieTableViewCell.xib */ = {isa = PBXFileReference; fileEncoding = 4; lastKnownFileType = file.xib; path = MovieTableViewCell.xib; sourceTree = "<group>"; };
		4F8ED3EE1B444B43008C24FE /* noposter.png */ = {isa = PBXFileReference; lastKnownFileType = image.png; path = noposter.png; sourceTree = "<group>"; };
		4F934C981BCE9BB000BCAFB0 /* LaunchStatus.swift */ = {isa = PBXFileReference; fileEncoding = 4; lastKnownFileType = sourcecode.swift; path = LaunchStatus.swift; sourceTree = "<group>"; };
		4F94A93C1AA84E1000E5F27F /* Calendar@3x.png */ = {isa = PBXFileReference; lastKnownFileType = image.png; path = "Calendar@3x.png"; sourceTree = "<group>"; };
		4FAE075A1B555615009C7507 /* NowTableViewController.swift */ = {isa = PBXFileReference; fileEncoding = 4; lastKnownFileType = sourcecode.swift; path = NowTableViewController.swift; sourceTree = "<group>"; };
		4FAFF8C31A8BFFE500864078 /* MovieStarts.app */ = {isa = PBXFileReference; explicitFileType = wrapper.application; includeInIndex = 0; path = MovieStarts.app; sourceTree = BUILT_PRODUCTS_DIR; };
		4FAFF8C71A8BFFE500864078 /* Info.plist */ = {isa = PBXFileReference; lastKnownFileType = text.plist.xml; path = Info.plist; sourceTree = "<group>"; };
		4FAFF8C81A8BFFE500864078 /* AppDelegate.swift */ = {isa = PBXFileReference; lastKnownFileType = sourcecode.swift; path = AppDelegate.swift; sourceTree = "<group>"; };
		4FAFF8CF1A8BFFE500864078 /* Base */ = {isa = PBXFileReference; lastKnownFileType = file.storyboard; name = Base; path = Base.lproj/Main.storyboard; sourceTree = "<group>"; };
		4FAFF8D11A8BFFE500864078 /* Images.xcassets */ = {isa = PBXFileReference; lastKnownFileType = folder.assetcatalog; path = Images.xcassets; sourceTree = "<group>"; };
		4FAFF8D41A8BFFE500864078 /* Base */ = {isa = PBXFileReference; lastKnownFileType = file.xib; name = Base; path = Base.lproj/LaunchScreen.xib; sourceTree = "<group>"; };
		4FAFF8EA1A8C002800864078 /* MovieStarts.entitlements */ = {isa = PBXFileReference; lastKnownFileType = text.xml; path = MovieStarts.entitlements; sourceTree = "<group>"; };
		4FAFF8EB1A8C002B00864078 /* CloudKit.framework */ = {isa = PBXFileReference; lastKnownFileType = wrapper.framework; name = CloudKit.framework; path = System/Library/Frameworks/CloudKit.framework; sourceTree = SDKROOT; };
		4FBB03CB1BA862B50053CE99 /* AboutViewController.swift */ = {isa = PBXFileReference; fileEncoding = 4; lastKnownFileType = sourcecode.swift; path = AboutViewController.swift; sourceTree = "<group>"; };
		4FEAAED41B8797940074C3AF /* MovieTab.swift */ = {isa = PBXFileReference; fileEncoding = 4; lastKnownFileType = sourcecode.swift; path = MovieTab.swift; sourceTree = "<group>"; };
		4FECDF1F1A8FE27D00F84A52 /* Database.swift */ = {isa = PBXFileReference; fileEncoding = 4; lastKnownFileType = sourcecode.swift; path = Database.swift; sourceTree = "<group>"; };
		4FECDF211A9096A700F84A52 /* MovieRecord.swift */ = {isa = PBXFileReference; fileEncoding = 4; lastKnownFileType = sourcecode.swift; path = MovieRecord.swift; sourceTree = "<group>"; };
		4FFC9FB01BAF14CF007A24CA /* BigPosterDatabase.swift */ = {isa = PBXFileReference; fileEncoding = 4; lastKnownFileType = sourcecode.swift; path = BigPosterDatabase.swift; sourceTree = "<group>"; };
		4FFC9FB21BAF1803007A24CA /* DatabaseParent.swift */ = {isa = PBXFileReference; fileEncoding = 4; lastKnownFileType = sourcecode.swift; path = DatabaseParent.swift; sourceTree = "<group>"; };
		4FFE43451BA5D1420080D9F3 /* IJReachability.swift */ = {isa = PBXFileReference; fileEncoding = 4; lastKnownFileType = sourcecode.swift; path = IJReachability.swift; sourceTree = "<group>"; };
		4FFE43471BA6B4D10080D9F3 /* MessageWindow.swift */ = {isa = PBXFileReference; fileEncoding = 4; lastKnownFileType = sourcecode.swift; path = MessageWindow.swift; sourceTree = "<group>"; };
/* End PBXFileReference section */

/* Begin PBXFrameworksBuildPhase section */
		4F2C91051B6216F50044A27B /* Frameworks */ = {
			isa = PBXFrameworksBuildPhase;
			buildActionMask = 2147483647;
			files = (
			);
			runOnlyForDeploymentPostprocessing = 0;
		};
		4F4A268C1BC934000077AEF5 /* Frameworks */ = {
			isa = PBXFrameworksBuildPhase;
			buildActionMask = 2147483647;
			files = (
			);
			runOnlyForDeploymentPostprocessing = 0;
		};
		4FAFF8C01A8BFFE500864078 /* Frameworks */ = {
			isa = PBXFrameworksBuildPhase;
			buildActionMask = 2147483647;
			files = (
				4F9E658D1BC14694006C6BA9 /* CloudKit.framework in Frameworks */,
			);
			runOnlyForDeploymentPostprocessing = 0;
		};
/* End PBXFrameworksBuildPhase section */

/* Begin PBXGroup section */
		4F2C91091B6216F50044A27B /* MovieStartsTests */ = {
			isa = PBXGroup;
			children = (
				4F2C91151B622FC40044A27B /* MovieRecordTests.swift */,
				4F2C91131B621BE70044A27B /* DatabaseHelperTests.swift */,
				4F2C910A1B6216F50044A27B /* Supporting Files */,
			);
			path = MovieStartsTests;
			sourceTree = "<group>";
		};
		4F2C910A1B6216F50044A27B /* Supporting Files */ = {
			isa = PBXGroup;
			children = (
				4F2C910B1B6216F50044A27B /* Info.plist */,
			);
			name = "Supporting Files";
			sourceTree = "<group>";
		};
		4F4A26841BC934000077AEF5 /* watchOS2app */ = {
			isa = PBXGroup;
			children = (
				4F4A26851BC934000077AEF5 /* Interface.storyboard */,
				4F4A26881BC934000077AEF5 /* Assets.xcassets */,
				4F4A268A1BC934000077AEF5 /* Info.plist */,
			);
			path = watchOS2app;
			sourceTree = "<group>";
		};
		4F4A26931BC934000077AEF5 /* watchOS2app Extension */ = {
			isa = PBXGroup;
			children = (
				4F4A269A1BC934000077AEF5 /* Assets.xcassets */,
				4F2CE8B21BC93FE200D66319 /* DetailInterfaceController.swift */,
				4F4A26B11BC936B40077AEF5 /* DetailTitleMaker.swift */,
				4F4A26961BC934000077AEF5 /* ExtensionDelegate.swift */,
				4F4A269C1BC934000077AEF5 /* Info.plist */,
				4F2CE8B01BC93FB500D66319 /* refreshMenuItem@2x.png */,
				4F934C981BCE9BB000BCAFB0 /* LaunchStatus.swift */,
				4F4A26A71BC934770077AEF5 /* MovieInterfaceController.swift */,
				4F4A26B81BC93AA00077AEF5 /* Rows */,
				4F4A26A91BC936090077AEF5 /* WatchMovieRecord.swift */,
				4F70ACC11BCC461A00E34987 /* WatchSessionManager.swift */,
			);
			path = "watchOS2app Extension";
			sourceTree = "<group>";
		};
		4F4A26B81BC93AA00077AEF5 /* Rows */ = {
			isa = PBXGroup;
			children = (
				4F4A26B91BC93AC10077AEF5 /* EmptyRow.swift */,
				4F4A26BB1BC93AD20077AEF5 /* DateRow.swift */,
				4F4A26BD1BC93AE90077AEF5 /* MovieRow.swift */,
			);
			name = Rows;
			sourceTree = "<group>";
		};
		4F63E62A1A9A415100528FB3 /* Launch Images */ = {
			isa = PBXGroup;
			children = (
				4F63E6281A9A3E1100528FB3 /* LaunchBackground.jpg */,
				4F63E62C1A9A416100528FB3 /* LaunchLogo.png */,
				4F63E62B1A9A416100528FB3 /* LaunchLogo@2x.png */,
				4F63E62D1A9A416100528FB3 /* LaunchLogo@3x.png */,
			);
			name = "Launch Images";
			sourceTree = "<group>";
		};
		4F63E6311A9A8C9D00528FB3 /* Icons */ = {
			isa = PBXGroup;
			children = (
				4F63E6381A9A8CD100528FB3 /* icon29@2x.png */,
				4F63E6331A9A8CD100528FB3 /* icon29@3x.png */,
				4F63E6351A9A8CD100528FB3 /* icon40@2x.png */,
				4F63E6341A9A8CD100528FB3 /* icon40@3x.png */,
				4F63E6371A9A8CD100528FB3 /* icon60@2x.png */,
				4F63E6361A9A8CD100528FB3 /* icon60@3x.png */,
			);
			name = Icons;
			sourceTree = "<group>";
		};
		4F63E6321A9A8CAD00528FB3 /* In-App-Graphics */ = {
			isa = PBXGroup;
			children = (
				4F7A99991BAC68D000ED38C9 /* abouticon.png */,
				4F7A999A1BAC68D000ED38C9 /* abouticon@2x.png */,
				4F7A999B1BAC68D000ED38C9 /* abouticon@3x.png */,
				4F6914851A8C085300B8FFCE /* Calendar.png */,
				4F6914861A8C085300B8FFCE /* Calendar@2x.png */,
				4F94A93C1AA84E1000E5F27F /* Calendar@3x.png */,
				4F2C92A91B64E4710044A27B /* favorite.png */,
				4F2C92AB1B64E4710044A27B /* favorite@2x.png */,
				4F2C92AA1B64E4710044A27B /* favorite@3x.png */,
				4F2C92B01B66EC840044A27B /* favoritecorner.png */,
				4F2C92AF1B66EC840044A27B /* favoritecorner@2x.png */,
				4F2C92B11B66EC840044A27B /* favoritecorner@3x.png */,
				4F583D551BAB1DBD000EF489 /* favoriteframe.png */,
				4F583D541BAB1DBD000EF489 /* favoriteframe@2x.png */,
				4F583D531BAB1DBD000EF489 /* favoriteframe@3x.png */,
				4F7A99931BABF0B500ED38C9 /* favoritetab.png */,
				4F7A99941BABF0B500ED38C9 /* favoritetab@2x.png */,
				4F7A99951BABF0B500ED38C9 /* favoritetab@3x.png */,
				4F8ED3EE1B444B43008C24FE /* noposter.png */,
				4F69148A1A8C085300B8FFCE /* Settings.png */,
				4F6914871A8C085300B8FFCE /* Settings@2x.png */,
				4F6914891A8C085300B8FFCE /* Settings@3x.png */,
				4F5EB0711BAA210200B1EFA0 /* starsgold.png */,
				4F5EB0721BAA210200B1EFA0 /* starsgold@2x.png */,
				4F5EB0741BAA210200B1EFA0 /* starsgold@3x.png */,
				4F5EB0731BAA210200B1EFA0 /* starsgrey.png */,
				4F5EB0761BAA210200B1EFA0 /* starsgrey@2x.png */,
				4F5EB0751BAA210200B1EFA0 /* starsgrey@3x.png */,
				4F7A99A31BACC4EB00ED38C9 /* tmdb.png */,
				4F7A99A11BACC4EB00ED38C9 /* tmdb@2x.png */,
				4F7A99A21BACC4EB00ED38C9 /* tmdb@3x.png */,
				4F6914881A8C085300B8FFCE /* Video.png */,
				4F69148B1A8C085300B8FFCE /* Video@2x.png */,
				4F6914831A8C085300B8FFCE /* Video@3x.png */,
				4F3EC7061B24B35B003C48E4 /* WebViewBack.png */,
				4F3EC7031B24B35B003C48E4 /* WebViewBack@2x.png */,
				4F3EC7041B24B35B003C48E4 /* WebViewForward.png */,
				4F3EC7021B24B35B003C48E4 /* WebViewForward@2x.png */,
				4F3EC7051B24B35B003C48E4 /* WebViewRefresh.png */,
				4F3EC7011B24B35B003C48E4 /* WebViewRefresh@2x.png */,
				4F72037E1B9D9463006A4282 /* welcome.png */,
				4F72037F1B9D9463006A4282 /* welcome@2x.png */,
				4F7203801B9D9463006A4282 /* welcome@3x.png */,
			);
			name = "In-App-Graphics";
			sourceTree = "<group>";
		};
		4F7A99A91BAE9AF700ED38C9 /* Extensions */ = {
			isa = PBXGroup;
			children = (
				4F5857431BCFDF2E0066DDE1 /* StringExtension.swift */,
				4F7A99A71BAE1A6700ED38C9 /* AnimatedTabBar.swift */,
			);
			name = Extensions;
			sourceTree = "<group>";
		};
		4F87F9271A8DF0C1001869A1 /* View Controllers */ = {
			isa = PBXGroup;
			children = (
				4FBB03CB1BA862B50053CE99 /* AboutViewController.swift */,
				4F3AA9891B71FEFD00640D04 /* FavoriteTableViewController.swift */,
				4F6914811A8C041D00B8FFCE /* MovieTableViewController.swift */,
				4F7B49D41B04B77100F54454 /* MovieViewController.swift */,
				4FAE075A1B555615009C7507 /* NowTableViewController.swift */,
				4F0953401B9F17D50040BBC9 /* SettingsTableViewController.swift */,
				4F63E63F1A9D24BA00528FB3 /* StartViewController.swift */,
				4F63E6411A9D2A8B00528FB3 /* TabBarController.swift */,
				4F6914951A8C09BA00B8FFCE /* UpcomingTableViewController.swift */,
				4F3EC6FF1B24A147003C48E4 /* WebViewController.swift */,
			);
			name = "View Controllers";
			sourceTree = "<group>";
		};
		4FAFF8BA1A8BFFE500864078 = {
			isa = PBXGroup;
			children = (
				4FAFF8C51A8BFFE500864078 /* MovieStarts */,
				4F2C91091B6216F50044A27B /* MovieStartsTests */,
				4F4A26841BC934000077AEF5 /* watchOS2app */,
				4F4A26931BC934000077AEF5 /* watchOS2app Extension */,
				4FAFF8C41A8BFFE500864078 /* Products */,
			);
			sourceTree = "<group>";
		};
		4FAFF8C41A8BFFE500864078 /* Products */ = {
			isa = PBXGroup;
			children = (
				4FAFF8C31A8BFFE500864078 /* MovieStarts.app */,
				4F2C91081B6216F50044A27B /* MovieStartsTests.xctest */,
				4F4A26831BC934000077AEF5 /* watchOS2app.app */,
				4F4A268F1BC934000077AEF5 /* watchOS2app Extension.appex */,
			);
			name = Products;
			sourceTree = "<group>";
		};
		4FAFF8C51A8BFFE500864078 /* MovieStarts */ = {
			isa = PBXGroup;
			children = (
				4FAFF8D11A8BFFE500864078 /* Images.xcassets */,
				4FAFF8D31A8BFFE500864078 /* LaunchScreen.xib */,
				4FAFF8CE1A8BFFE500864078 /* Main.storyboard */,
				4FAFF8EA1A8C002800864078 /* MovieStarts.entitlements */,
				4F8ED3EB1B4442C7008C24FE /* MovieTableViewCell.xib */,
				4FAFF8EF1A8C036A00864078 /* Source */,
				4FAFF8C61A8BFFE500864078 /* Supporting Files */,
			);
			path = MovieStarts;
			sourceTree = "<group>";
		};
		4FAFF8C61A8BFFE500864078 /* Supporting Files */ = {
			isa = PBXGroup;
			children = (
				4F7F97201B53F7C100054F18 /* Reveal.framework */,
				4FAFF8EB1A8C002B00864078 /* CloudKit.framework */,
				4F63E6311A9A8C9D00528FB3 /* Icons */,
				4F63E6321A9A8CAD00528FB3 /* In-App-Graphics */,
				4FAFF8C71A8BFFE500864078 /* Info.plist */,
				4F63E62A1A9A415100528FB3 /* Launch Images */,
				4F63E6231A99CB5D00528FB3 /* Localizable.strings */,
			);
			name = "Supporting Files";
			sourceTree = "<group>";
		};
		4FAFF8EF1A8C036A00864078 /* Source */ = {
			isa = PBXGroup;
			children = (
				4FAFF8C81A8BFFE500864078 /* AppDelegate.swift */,
				4F70ACBF1BCC419100E34987 /* WatchSessionManager.swift */,
				4FFC9FB01BAF14CF007A24CA /* BigPosterDatabase.swift */,
				4F3EC6D31B20ACB4003C48E4 /* CertificateLogo.swift */,
				4F87F9251A8DEE31001869A1 /* Constants.swift */,
				4FECDF1F1A8FE27D00F84A52 /* Database.swift */,
				4F63E61D1A992BCA00528FB3 /* DatabaseHelper.swift */,
				4FFC9FB21BAF1803007A24CA /* DatabaseParent.swift */,
				4F7A99A91BAE9AF700ED38C9 /* Extensions */,
				4F2C91171B6374810044A27B /* Favorites.swift */,
				4FFE43451BA5D1420080D9F3 /* IJReachability.swift */,
				4FFE43471BA6B4D10080D9F3 /* MessageWindow.swift */,
				4FECDF211A9096A700F84A52 /* MovieRecord.swift */,
				4FEAAED41B8797940074C3AF /* MovieTab.swift */,
				4F8ED3EA1B4442C7008C24FE /* MovieTableViewCell.swift */,
				4F7A99AC1BAEA0CE00ED38C9 /* MovieViewControllerPosters.swift */,
				4F7A99AE1BAF01E600ED38C9 /* NetworkChecker.swift */,
				4F87F9271A8DF0C1001869A1 /* View Controllers */,
			);
			name = Source;
			sourceTree = "<group>";
		};
/* End PBXGroup section */

/* Begin PBXNativeTarget section */
		4F2C91071B6216F50044A27B /* MovieStartsTests */ = {
			isa = PBXNativeTarget;
			buildConfigurationList = 4F2C91101B6216F50044A27B /* Build configuration list for PBXNativeTarget "MovieStartsTests" */;
			buildPhases = (
				4F2C91041B6216F50044A27B /* Sources */,
				4F2C91051B6216F50044A27B /* Frameworks */,
				4F2C91061B6216F50044A27B /* Resources */,
			);
			buildRules = (
			);
			dependencies = (
				4F2C910F1B6216F50044A27B /* PBXTargetDependency */,
			);
			name = MovieStartsTests;
			productName = MovieStartsTests;
			productReference = 4F2C91081B6216F50044A27B /* MovieStartsTests.xctest */;
			productType = "com.apple.product-type.bundle.unit-test";
		};
		4F4A26821BC934000077AEF5 /* watchOS2app */ = {
			isa = PBXNativeTarget;
			buildConfigurationList = 4F4A26A41BC934000077AEF5 /* Build configuration list for PBXNativeTarget "watchOS2app" */;
			buildPhases = (
				4F4A26811BC934000077AEF5 /* Resources */,
				4F4A26A31BC934000077AEF5 /* Embed App Extensions */,
			);
			buildRules = (
			);
			dependencies = (
				4F4A26921BC934000077AEF5 /* PBXTargetDependency */,
			);
			name = watchOS2app;
			productName = watchOS2app;
			productReference = 4F4A26831BC934000077AEF5 /* watchOS2app.app */;
			productType = "com.apple.product-type.application.watchapp2";
		};
		4F4A268E1BC934000077AEF5 /* watchOS2app Extension */ = {
			isa = PBXNativeTarget;
			buildConfigurationList = 4F4A26A01BC934000077AEF5 /* Build configuration list for PBXNativeTarget "watchOS2app Extension" */;
			buildPhases = (
				4F4A268B1BC934000077AEF5 /* Sources */,
				4F4A268C1BC934000077AEF5 /* Frameworks */,
				4F4A268D1BC934000077AEF5 /* Resources */,
			);
			buildRules = (
			);
			dependencies = (
			);
			name = "watchOS2app Extension";
			productName = "watchOS2app Extension";
			productReference = 4F4A268F1BC934000077AEF5 /* watchOS2app Extension.appex */;
			productType = "com.apple.product-type.watchkit2-extension";
		};
		4FAFF8C21A8BFFE500864078 /* MovieStarts */ = {
			isa = PBXNativeTarget;
			buildConfigurationList = 4FAFF8E41A8BFFE500864078 /* Build configuration list for PBXNativeTarget "MovieStarts" */;
			buildPhases = (
				4FAFF8BF1A8BFFE500864078 /* Sources */,
				4FAFF8C01A8BFFE500864078 /* Frameworks */,
				4FAFF8C11A8BFFE500864078 /* Resources */,
				4F8EE10D1BC13B9C00F1710A /* Embed Watch Content */,
			);
			buildRules = (
			);
			dependencies = (
				4F4A269E1BC934000077AEF5 /* PBXTargetDependency */,
			);
			name = MovieStarts;
			productName = MovieStarts;
			productReference = 4FAFF8C31A8BFFE500864078 /* MovieStarts.app */;
			productType = "com.apple.product-type.application";
		};
/* End PBXNativeTarget section */

/* Begin PBXProject section */
		4FAFF8BB1A8BFFE500864078 /* Project object */ = {
			isa = PBXProject;
			attributes = {
				LastSwiftMigration = 0700;
				LastSwiftUpdateCheck = 0700;
				LastUpgradeCheck = 0700;
				ORGANIZATIONNAME = "Oliver Eichhorn";
				TargetAttributes = {
					4F2C91071B6216F50044A27B = {
						CreatedOnToolsVersion = 6.4;
						TestTargetID = 4FAFF8C21A8BFFE500864078;
					};
					4F4A26821BC934000077AEF5 = {
						CreatedOnToolsVersion = 7.0.1;
						DevelopmentTeam = FTX9FBCWZ9;
					};
					4F4A268E1BC934000077AEF5 = {
						CreatedOnToolsVersion = 7.0.1;
					};
					4FAFF8C21A8BFFE500864078 = {
						CreatedOnToolsVersion = 6.3;
						DevelopmentTeam = FTX9FBCWZ9;
						SystemCapabilities = {
							com.apple.ApplicationGroups.iOS = {
								enabled = 1;
							};
							com.apple.BackgroundModes = {
								enabled = 1;
							};
							com.apple.iCloud = {
								enabled = 1;
							};
						};
					};
				};
			};
			buildConfigurationList = 4FAFF8BE1A8BFFE500864078 /* Build configuration list for PBXProject "MovieStarts" */;
			compatibilityVersion = "Xcode 3.2";
			developmentRegion = English;
			hasScannedForEncodings = 0;
			knownRegions = (
				en,
				Base,
				de,
			);
			mainGroup = 4FAFF8BA1A8BFFE500864078;
			productRefGroup = 4FAFF8C41A8BFFE500864078 /* Products */;
			projectDirPath = "";
			projectRoot = "";
			targets = (
				4FAFF8C21A8BFFE500864078 /* MovieStarts */,
				4F2C91071B6216F50044A27B /* MovieStartsTests */,
				4F4A26821BC934000077AEF5 /* watchOS2app */,
				4F4A268E1BC934000077AEF5 /* watchOS2app Extension */,
			);
		};
/* End PBXProject section */

/* Begin PBXResourcesBuildPhase section */
		4F2C91061B6216F50044A27B /* Resources */ = {
			isa = PBXResourcesBuildPhase;
			buildActionMask = 2147483647;
			files = (
			);
			runOnlyForDeploymentPostprocessing = 0;
		};
		4F4A26811BC934000077AEF5 /* Resources */ = {
			isa = PBXResourcesBuildPhase;
			buildActionMask = 2147483647;
			files = (
				4F4A26891BC934000077AEF5 /* Assets.xcassets in Resources */,
				4F4A26871BC934000077AEF5 /* Interface.storyboard in Resources */,
			);
			runOnlyForDeploymentPostprocessing = 0;
		};
		4F4A268D1BC934000077AEF5 /* Resources */ = {
			isa = PBXResourcesBuildPhase;
			buildActionMask = 2147483647;
			files = (
				4F5857491BCFE7170066DDE1 /* refreshMenuItem@2x.png in Resources */,
				4F70ACC51BCD02D700E34987 /* Localizable.strings in Resources */,
				4F4A269B1BC934000077AEF5 /* Assets.xcassets in Resources */,
			);
			runOnlyForDeploymentPostprocessing = 0;
		};
		4FAFF8C11A8BFFE500864078 /* Resources */ = {
			isa = PBXResourcesBuildPhase;
			buildActionMask = 2147483647;
			files = (
				4F5EB0771BAA210200B1EFA0 /* starsgold.png in Resources */,
				4F5EB07A1BAA210200B1EFA0 /* starsgold@3x.png in Resources */,
				4F3EC7091B24B35B003C48E4 /* WebViewBack@2x.png in Resources */,
				4F7A99981BABF0B500ED38C9 /* favoritetab@3x.png in Resources */,
				4F6914921A8C085300B8FFCE /* Settings@3x.png in Resources */,
				4F69148F1A8C085300B8FFCE /* Calendar@2x.png in Resources */,
				4F5EB0781BAA210200B1EFA0 /* starsgold@2x.png in Resources */,
				4FAFF8D01A8BFFE500864078 /* Main.storyboard in Resources */,
				4F63E6301A9A416100528FB3 /* LaunchLogo@3x.png in Resources */,
				4F8ED3ED1B4442C7008C24FE /* MovieTableViewCell.xib in Resources */,
				4F63E62E1A9A416100528FB3 /* LaunchLogo@2x.png in Resources */,
				4F94A93D1AA84E1000E5F27F /* Calendar@3x.png in Resources */,
				4F2C92AD1B64E4710044A27B /* favorite@3x.png in Resources */,
				4F3EC7081B24B35B003C48E4 /* WebViewForward@2x.png in Resources */,
				4F6914911A8C085300B8FFCE /* Video.png in Resources */,
				4F63E63C1A9A8CD100528FB3 /* icon60@3x.png in Resources */,
				4F7A99961BABF0B500ED38C9 /* favoritetab.png in Resources */,
				4F7203831B9D9463006A4282 /* welcome@3x.png in Resources */,
				4F583D581BAB1DBD000EF489 /* favoriteframe.png in Resources */,
				4F6914941A8C085300B8FFCE /* Video@2x.png in Resources */,
				4F6914931A8C085300B8FFCE /* Settings.png in Resources */,
				4F8ED3EF1B444B43008C24FE /* noposter.png in Resources */,
				4F5EB07C1BAA210200B1EFA0 /* starsgrey@2x.png in Resources */,
				4F69148C1A8C085300B8FFCE /* Video@3x.png in Resources */,
				4F63E63A1A9A8CD100528FB3 /* icon40@3x.png in Resources */,
				4F63E63B1A9A8CD100528FB3 /* icon40@2x.png in Resources */,
				4F3EC70C1B24B35B003C48E4 /* WebViewBack.png in Resources */,
				4F2C92AC1B64E4710044A27B /* favorite.png in Resources */,
				4F7A99A51BACC4EB00ED38C9 /* tmdb@3x.png in Resources */,
				4F2C92B41B66EC840044A27B /* favoritecorner@3x.png in Resources */,
				4F7A999D1BAC68D000ED38C9 /* abouticon@2x.png in Resources */,
				4F2C92B21B66EC840044A27B /* favoritecorner@2x.png in Resources */,
				4F583D561BAB1DBD000EF489 /* favoriteframe@3x.png in Resources */,
				4F63E63E1A9A8CD100528FB3 /* icon29@2x.png in Resources */,
				4F7A99971BABF0B500ED38C9 /* favoritetab@2x.png in Resources */,
				4F5EB07B1BAA210200B1EFA0 /* starsgrey@3x.png in Resources */,
				4F63E6291A9A3E1100528FB3 /* LaunchBackground.jpg in Resources */,
				4F3EC70B1B24B35B003C48E4 /* WebViewRefresh.png in Resources */,
				4F63E6391A9A8CD100528FB3 /* icon29@3x.png in Resources */,
				4F7A999E1BAC68D000ED38C9 /* abouticon@3x.png in Resources */,
				4F69148E1A8C085300B8FFCE /* Calendar.png in Resources */,
				4F2C92B31B66EC840044A27B /* favoritecorner.png in Resources */,
				4F63E6211A99CB5D00528FB3 /* Localizable.strings in Resources */,
				4F63E63D1A9A8CD100528FB3 /* icon60@2x.png in Resources */,
				4F6914901A8C085300B8FFCE /* Settings@2x.png in Resources */,
				4F2C92AE1B64E4710044A27B /* favorite@2x.png in Resources */,
				4F7203821B9D9463006A4282 /* welcome@2x.png in Resources */,
				4F5EB0791BAA210200B1EFA0 /* starsgrey.png in Resources */,
				4F7A999C1BAC68D000ED38C9 /* abouticon.png in Resources */,
				4F3EC7071B24B35B003C48E4 /* WebViewRefresh@2x.png in Resources */,
				4F3EC70A1B24B35B003C48E4 /* WebViewForward.png in Resources */,
				4F63E62F1A9A416100528FB3 /* LaunchLogo.png in Resources */,
				4F583D571BAB1DBD000EF489 /* favoriteframe@2x.png in Resources */,
				4FAFF8D51A8BFFE500864078 /* LaunchScreen.xib in Resources */,
				4F7203811B9D9463006A4282 /* welcome.png in Resources */,
				4FAFF8D21A8BFFE500864078 /* Images.xcassets in Resources */,
				4F7A99A61BACC4EB00ED38C9 /* tmdb.png in Resources */,
				4F7A99A41BACC4EB00ED38C9 /* tmdb@2x.png in Resources */,
			);
			runOnlyForDeploymentPostprocessing = 0;
		};
/* End PBXResourcesBuildPhase section */

/* Begin PBXSourcesBuildPhase section */
		4F2C91041B6216F50044A27B /* Sources */ = {
			isa = PBXSourcesBuildPhase;
			buildActionMask = 2147483647;
			files = (
				4F2C91141B621BE70044A27B /* DatabaseHelperTests.swift in Sources */,
				4F2C91161B622FC40044A27B /* MovieRecordTests.swift in Sources */,
			);
			runOnlyForDeploymentPostprocessing = 0;
		};
		4F4A268B1BC934000077AEF5 /* Sources */ = {
			isa = PBXSourcesBuildPhase;
			buildActionMask = 2147483647;
			files = (
				4F934C991BCE9BB000BCAFB0 /* LaunchStatus.swift in Sources */,
				4F4A26AA1BC936090077AEF5 /* WatchMovieRecord.swift in Sources */,
				4F4A26BC1BC93AD20077AEF5 /* DateRow.swift in Sources */,
				4F4A26971BC934000077AEF5 /* ExtensionDelegate.swift in Sources */,
				4F4A26A81BC934770077AEF5 /* MovieInterfaceController.swift in Sources */,
				4F4A26BE1BC93AE90077AEF5 /* MovieRow.swift in Sources */,
				4F2CE8B31BC93FE200D66319 /* DetailInterfaceController.swift in Sources */,
				4F4A26BA1BC93AC10077AEF5 /* EmptyRow.swift in Sources */,
				4F70ACC21BCC461A00E34987 /* WatchSessionManager.swift in Sources */,
				4F4A26B21BC936B40077AEF5 /* DetailTitleMaker.swift in Sources */,
				4F5857451BCFDF3F0066DDE1 /* StringExtension.swift in Sources */,
				4F4A26B31BC936DE0077AEF5 /* Constants.swift in Sources */,
			);
			runOnlyForDeploymentPostprocessing = 0;
		};
		4FAFF8BF1A8BFFE500864078 /* Sources */ = {
			isa = PBXSourcesBuildPhase;
			buildActionMask = 2147483647;
			files = (
				4F3EC6D41B20ACB4003C48E4 /* CertificateLogo.swift in Sources */,
				4F7B49D51B04B77100F54454 /* MovieViewController.swift in Sources */,
				4FFC9FB11BAF14CF007A24CA /* BigPosterDatabase.swift in Sources */,
				4F934C971BCDBD3900BCAFB0 /* WatchMovieRecord.swift in Sources */,
				4FECDF201A8FE27D00F84A52 /* Database.swift in Sources */,
				4FFC9FB31BAF1803007A24CA /* DatabaseParent.swift in Sources */,
				4FBB03CC1BA862B50053CE99 /* AboutViewController.swift in Sources */,
				4F70ACC01BCC419100E34987 /* WatchSessionManager.swift in Sources */,
				4F7A99AD1BAEA0CE00ED38C9 /* MovieViewControllerPosters.swift in Sources */,
				4F7A99A81BAE1A6700ED38C9 /* AnimatedTabBar.swift in Sources */,
				4F87F9261A8DEE31001869A1 /* Constants.swift in Sources */,
				4FAE075B1B555615009C7507 /* NowTableViewController.swift in Sources */,
				4F5857441BCFDF2E0066DDE1 /* StringExtension.swift in Sources */,
				4FECDF221A9096A700F84A52 /* MovieRecord.swift in Sources */,
				4FFE43461BA5D1420080D9F3 /* IJReachability.swift in Sources */,
				4F8ED3EC1B4442C7008C24FE /* MovieTableViewCell.swift in Sources */,
				4F63E6421A9D2A8B00528FB3 /* TabBarController.swift in Sources */,
				4FEAAED51B8797940074C3AF /* MovieTab.swift in Sources */,
				4F6914961A8C09BA00B8FFCE /* UpcomingTableViewController.swift in Sources */,
				4FFE43481BA6B4D10080D9F3 /* MessageWindow.swift in Sources */,
				4F3AA98A1B71FEFD00640D04 /* FavoriteTableViewController.swift in Sources */,
				4F63E61E1A992BCA00528FB3 /* DatabaseHelper.swift in Sources */,
				4F63E6401A9D24BA00528FB3 /* StartViewController.swift in Sources */,
				4FAFF8C91A8BFFE500864078 /* AppDelegate.swift in Sources */,
				4F2C91181B6374810044A27B /* Favorites.swift in Sources */,
				4F6914821A8C041D00B8FFCE /* MovieTableViewController.swift in Sources */,
				4F0953411B9F17D50040BBC9 /* SettingsTableViewController.swift in Sources */,
				4F3EC7001B24A147003C48E4 /* WebViewController.swift in Sources */,
				4F7A99AF1BAF01E600ED38C9 /* NetworkChecker.swift in Sources */,
			);
			runOnlyForDeploymentPostprocessing = 0;
		};
/* End PBXSourcesBuildPhase section */

/* Begin PBXTargetDependency section */
		4F2C910F1B6216F50044A27B /* PBXTargetDependency */ = {
			isa = PBXTargetDependency;
			target = 4FAFF8C21A8BFFE500864078 /* MovieStarts */;
			targetProxy = 4F2C910E1B6216F50044A27B /* PBXContainerItemProxy */;
		};
		4F4A26921BC934000077AEF5 /* PBXTargetDependency */ = {
			isa = PBXTargetDependency;
			target = 4F4A268E1BC934000077AEF5 /* watchOS2app Extension */;
			targetProxy = 4F4A26911BC934000077AEF5 /* PBXContainerItemProxy */;
		};
		4F4A269E1BC934000077AEF5 /* PBXTargetDependency */ = {
			isa = PBXTargetDependency;
			target = 4F4A26821BC934000077AEF5 /* watchOS2app */;
			targetProxy = 4F4A269D1BC934000077AEF5 /* PBXContainerItemProxy */;
		};
/* End PBXTargetDependency section */

/* Begin PBXVariantGroup section */
		4F4A26851BC934000077AEF5 /* Interface.storyboard */ = {
			isa = PBXVariantGroup;
			children = (
				4F4A26861BC934000077AEF5 /* Base */,
			);
			name = Interface.storyboard;
			sourceTree = "<group>";
		};
		4F63E6231A99CB5D00528FB3 /* Localizable.strings */ = {
			isa = PBXVariantGroup;
			children = (
				4F63E6251A99CB9E00528FB3 /* de */,
				4F63E6271A99CBD400528FB3 /* en */,
			);
			name = Localizable.strings;
			path = ..;
			sourceTree = "<group>";
		};
		4FAFF8CE1A8BFFE500864078 /* Main.storyboard */ = {
			isa = PBXVariantGroup;
			children = (
				4FAFF8CF1A8BFFE500864078 /* Base */,
			);
			name = Main.storyboard;
			sourceTree = "<group>";
		};
		4FAFF8D31A8BFFE500864078 /* LaunchScreen.xib */ = {
			isa = PBXVariantGroup;
			children = (
				4FAFF8D41A8BFFE500864078 /* Base */,
			);
			name = LaunchScreen.xib;
			sourceTree = "<group>";
		};
/* End PBXVariantGroup section */

/* Begin XCBuildConfiguration section */
		4F2C91111B6216F50044A27B /* Debug */ = {
			isa = XCBuildConfiguration;
			buildSettings = {
				BUNDLE_LOADER = "$(TEST_HOST)";
				DEBUG_INFORMATION_FORMAT = "dwarf-with-dsym";
				FRAMEWORK_SEARCH_PATHS = (
					"$(SDKROOT)/Developer/Library/Frameworks",
					"$(inherited)",
				);
				GCC_NO_COMMON_BLOCKS = YES;
				GCC_PREPROCESSOR_DEFINITIONS = (
					"DEBUG=1",
					"$(inherited)",
				);
				INFOPLIST_FILE = MovieStartsTests/Info.plist;
				IPHONEOS_DEPLOYMENT_TARGET = 9.0;
				LD_RUNPATH_SEARCH_PATHS = "$(inherited) @executable_path/Frameworks @loader_path/Frameworks";
				PRODUCT_BUNDLE_IDENTIFIER = "com.icorn.$(PRODUCT_NAME:rfc1034identifier)";
				PRODUCT_NAME = "$(TARGET_NAME)";
				TEST_HOST = "$(BUILT_PRODUCTS_DIR)/MovieStarts.app/MovieStarts";
			};
			name = Debug;
		};
		4F2C91121B6216F50044A27B /* Release */ = {
			isa = XCBuildConfiguration;
			buildSettings = {
				BUNDLE_LOADER = "$(TEST_HOST)";
				FRAMEWORK_SEARCH_PATHS = (
					"$(SDKROOT)/Developer/Library/Frameworks",
					"$(inherited)",
				);
				GCC_NO_COMMON_BLOCKS = YES;
				INFOPLIST_FILE = MovieStartsTests/Info.plist;
				IPHONEOS_DEPLOYMENT_TARGET = 9.0;
				LD_RUNPATH_SEARCH_PATHS = "$(inherited) @executable_path/Frameworks @loader_path/Frameworks";
				PRODUCT_BUNDLE_IDENTIFIER = "com.icorn.$(PRODUCT_NAME:rfc1034identifier)";
				PRODUCT_NAME = "$(TARGET_NAME)";
				TEST_HOST = "$(BUILT_PRODUCTS_DIR)/MovieStarts.app/MovieStarts";
			};
			name = Release;
		};
		4F4A26A11BC934000077AEF5 /* Debug */ = {
			isa = XCBuildConfiguration;
			buildSettings = {
				GCC_NO_COMMON_BLOCKS = YES;
				INFOPLIST_FILE = "watchOS2app Extension/Info.plist";
				LD_RUNPATH_SEARCH_PATHS = "$(inherited) @executable_path/Frameworks @executable_path/../../Frameworks";
				PRODUCT_BUNDLE_IDENTIFIER = com.icorn.MovieStarts.watchOS2app.watchkitextension;
				PRODUCT_NAME = "${TARGET_NAME}";
				SDKROOT = watchos;
				SKIP_INSTALL = YES;
				TARGETED_DEVICE_FAMILY = 4;
				WATCHOS_DEPLOYMENT_TARGET = 2.0;
			};
			name = Debug;
		};
		4F4A26A21BC934000077AEF5 /* Release */ = {
			isa = XCBuildConfiguration;
			buildSettings = {
				GCC_NO_COMMON_BLOCKS = YES;
				INFOPLIST_FILE = "watchOS2app Extension/Info.plist";
				LD_RUNPATH_SEARCH_PATHS = "$(inherited) @executable_path/Frameworks @executable_path/../../Frameworks";
				PRODUCT_BUNDLE_IDENTIFIER = com.icorn.MovieStarts.watchOS2app.watchkitextension;
				PRODUCT_NAME = "${TARGET_NAME}";
				SDKROOT = watchos;
				SKIP_INSTALL = YES;
				TARGETED_DEVICE_FAMILY = 4;
				WATCHOS_DEPLOYMENT_TARGET = 2.0;
			};
			name = Release;
		};
		4F4A26A51BC934000077AEF5 /* Debug */ = {
			isa = XCBuildConfiguration;
			buildSettings = {
				ASSETCATALOG_COMPILER_APPICON_NAME = AppIcon;
				CODE_SIGN_IDENTITY = "iPhone Developer";
				"CODE_SIGN_IDENTITY[sdk=iphoneos*]" = "iPhone Developer";
				EMBEDDED_CONTENT_CONTAINS_SWIFT = YES;
				GCC_NO_COMMON_BLOCKS = YES;
				IBSC_MODULE = watchOS2app_Extension;
				INFOPLIST_FILE = watchOS2app/Info.plist;
				PRODUCT_BUNDLE_IDENTIFIER = com.icorn.MovieStarts.watchOS2app;
				PRODUCT_NAME = "$(TARGET_NAME)";
				SDKROOT = watchos;
				SKIP_INSTALL = YES;
				TARGETED_DEVICE_FAMILY = 4;
				WATCHOS_DEPLOYMENT_TARGET = 2.0;
			};
			name = Debug;
		};
		4F4A26A61BC934000077AEF5 /* Release */ = {
			isa = XCBuildConfiguration;
			buildSettings = {
				ASSETCATALOG_COMPILER_APPICON_NAME = AppIcon;
				CODE_SIGN_IDENTITY = "iPhone Developer";
				"CODE_SIGN_IDENTITY[sdk=iphoneos*]" = "iPhone Developer";
				EMBEDDED_CONTENT_CONTAINS_SWIFT = YES;
				GCC_NO_COMMON_BLOCKS = YES;
				IBSC_MODULE = watchOS2app_Extension;
				INFOPLIST_FILE = watchOS2app/Info.plist;
				PRODUCT_BUNDLE_IDENTIFIER = com.icorn.MovieStarts.watchOS2app;
				PRODUCT_NAME = "$(TARGET_NAME)";
				SDKROOT = watchos;
				SKIP_INSTALL = YES;
				TARGETED_DEVICE_FAMILY = 4;
				WATCHOS_DEPLOYMENT_TARGET = 2.0;
			};
			name = Release;
		};
		4FAFF8E21A8BFFE500864078 /* Debug */ = {
			isa = XCBuildConfiguration;
			buildSettings = {
				ALWAYS_SEARCH_USER_PATHS = NO;
				CLANG_CXX_LANGUAGE_STANDARD = "gnu++0x";
				CLANG_CXX_LIBRARY = "libc++";
				CLANG_ENABLE_MODULES = YES;
				CLANG_ENABLE_OBJC_ARC = YES;
				CLANG_WARN_BOOL_CONVERSION = YES;
				CLANG_WARN_CONSTANT_CONVERSION = YES;
				CLANG_WARN_DIRECT_OBJC_ISA_USAGE = YES_ERROR;
				CLANG_WARN_EMPTY_BODY = YES;
				CLANG_WARN_ENUM_CONVERSION = YES;
				CLANG_WARN_INT_CONVERSION = YES;
				CLANG_WARN_OBJC_ROOT_CLASS = YES_ERROR;
				CLANG_WARN_UNREACHABLE_CODE = YES;
				CLANG_WARN__DUPLICATE_METHOD_MATCH = YES;
				"CODE_SIGN_IDENTITY[sdk=iphoneos*]" = "iPhone Developer";
				COPY_PHASE_STRIP = NO;
				DEBUG_INFORMATION_FORMAT = dwarf;
				ENABLE_STRICT_OBJC_MSGSEND = YES;
				ENABLE_TESTABILITY = YES;
				FRAMEWORK_SEARCH_PATHS = "";
				GCC_C_LANGUAGE_STANDARD = gnu99;
				GCC_DYNAMIC_NO_PIC = NO;
				GCC_OPTIMIZATION_LEVEL = 0;
				GCC_PREPROCESSOR_DEFINITIONS = (
					"DEBUG=1",
					"$(inherited)",
				);
				GCC_SYMBOLS_PRIVATE_EXTERN = NO;
				GCC_WARN_64_TO_32_BIT_CONVERSION = YES;
				GCC_WARN_ABOUT_RETURN_TYPE = YES_ERROR;
				GCC_WARN_UNDECLARED_SELECTOR = YES;
				GCC_WARN_UNINITIALIZED_AUTOS = YES_AGGRESSIVE;
				GCC_WARN_UNUSED_FUNCTION = YES;
				GCC_WARN_UNUSED_VARIABLE = YES;
				IPHONEOS_DEPLOYMENT_TARGET = 8.0;
				MTL_ENABLE_DEBUG_INFO = YES;
				ONLY_ACTIVE_ARCH = YES;
				SDKROOT = iphoneos;
				SWIFT_OPTIMIZATION_LEVEL = "-Onone";
			};
			name = Debug;
		};
		4FAFF8E31A8BFFE500864078 /* Release */ = {
			isa = XCBuildConfiguration;
			buildSettings = {
				ALWAYS_SEARCH_USER_PATHS = NO;
				CLANG_CXX_LANGUAGE_STANDARD = "gnu++0x";
				CLANG_CXX_LIBRARY = "libc++";
				CLANG_ENABLE_MODULES = YES;
				CLANG_ENABLE_OBJC_ARC = YES;
				CLANG_WARN_BOOL_CONVERSION = YES;
				CLANG_WARN_CONSTANT_CONVERSION = YES;
				CLANG_WARN_DIRECT_OBJC_ISA_USAGE = YES_ERROR;
				CLANG_WARN_EMPTY_BODY = YES;
				CLANG_WARN_ENUM_CONVERSION = YES;
				CLANG_WARN_INT_CONVERSION = YES;
				CLANG_WARN_OBJC_ROOT_CLASS = YES_ERROR;
				CLANG_WARN_UNREACHABLE_CODE = YES;
				CLANG_WARN__DUPLICATE_METHOD_MATCH = YES;
				"CODE_SIGN_IDENTITY[sdk=iphoneos*]" = "iPhone Developer";
				COPY_PHASE_STRIP = NO;
				DEBUG_INFORMATION_FORMAT = "dwarf-with-dsym";
				ENABLE_NS_ASSERTIONS = NO;
				ENABLE_STRICT_OBJC_MSGSEND = YES;
				FRAMEWORK_SEARCH_PATHS = "";
				GCC_C_LANGUAGE_STANDARD = gnu99;
				GCC_WARN_64_TO_32_BIT_CONVERSION = YES;
				GCC_WARN_ABOUT_RETURN_TYPE = YES_ERROR;
				GCC_WARN_UNDECLARED_SELECTOR = YES;
				GCC_WARN_UNINITIALIZED_AUTOS = YES_AGGRESSIVE;
				GCC_WARN_UNUSED_FUNCTION = YES;
				GCC_WARN_UNUSED_VARIABLE = YES;
				IPHONEOS_DEPLOYMENT_TARGET = 8.0;
				MTL_ENABLE_DEBUG_INFO = NO;
				SDKROOT = iphoneos;
				VALIDATE_PRODUCT = YES;
			};
			name = Release;
		};
		4FAFF8E51A8BFFE500864078 /* Debug */ = {
			isa = XCBuildConfiguration;
			buildSettings = {
				ALWAYS_SEARCH_USER_PATHS = NO;
				ASSETCATALOG_COMPILER_APPICON_NAME = AppIcon;
				CODE_SIGN_ENTITLEMENTS = MovieStarts/MovieStarts.entitlements;
				CODE_SIGN_IDENTITY = "iPhone Developer";
				"CODE_SIGN_IDENTITY[sdk=iphoneos*]" = "iPhone Developer";
				EMBEDDED_CONTENT_CONTAINS_SWIFT = YES;
				ENABLE_BITCODE = NO;
				FRAMEWORK_SEARCH_PATHS = (
					"$(inherited)",
					"$(SYSTEM_APPS_DIR)/Reveal.app/Contents/SharedSupport/iOS-Libraries",
				);
				INFOPLIST_FILE = MovieStarts/Info.plist;
				IPHONEOS_DEPLOYMENT_TARGET = 9.0;
				LD_RUNPATH_SEARCH_PATHS = "$(inherited) @executable_path/Frameworks";
				OTHER_LDFLAGS = (
					"-ObjC",
					"-lz",
					"-framework",
					Reveal,
				);
				PRODUCT_BUNDLE_IDENTIFIER = "com.icorn.$(PRODUCT_NAME:rfc1034identifier)";
				PRODUCT_NAME = "$(TARGET_NAME)";
				PROVISIONING_PROFILE = "";
			};
			name = Debug;
		};
		4FAFF8E61A8BFFE500864078 /* Release */ = {
			isa = XCBuildConfiguration;
			buildSettings = {
				ALWAYS_SEARCH_USER_PATHS = NO;
				ASSETCATALOG_COMPILER_APPICON_NAME = AppIcon;
				CODE_SIGN_ENTITLEMENTS = MovieStarts/MovieStarts.entitlements;
				CODE_SIGN_IDENTITY = "iPhone Developer";
				"CODE_SIGN_IDENTITY[sdk=iphoneos*]" = "iPhone Developer";
				EMBEDDED_CONTENT_CONTAINS_SWIFT = YES;
				FRAMEWORK_SEARCH_PATHS = "$(inherited)";
				INFOPLIST_FILE = MovieStarts/Info.plist;
				IPHONEOS_DEPLOYMENT_TARGET = 9.0;
				LD_RUNPATH_SEARCH_PATHS = "$(inherited) @executable_path/Frameworks";
				PRODUCT_BUNDLE_IDENTIFIER = "com.icorn.$(PRODUCT_NAME:rfc1034identifier)";
				PRODUCT_NAME = "$(TARGET_NAME)";
				PROVISIONING_PROFILE = "";
			};
			name = Release;
		};
/* End XCBuildConfiguration section */

/* Begin XCConfigurationList section */
		4F2C91101B6216F50044A27B /* Build configuration list for PBXNativeTarget "MovieStartsTests" */ = {
			isa = XCConfigurationList;
			buildConfigurations = (
				4F2C91111B6216F50044A27B /* Debug */,
				4F2C91121B6216F50044A27B /* Release */,
			);
			defaultConfigurationIsVisible = 0;
			defaultConfigurationName = Release;
		};
		4F4A26A01BC934000077AEF5 /* Build configuration list for PBXNativeTarget "watchOS2app Extension" */ = {
			isa = XCConfigurationList;
			buildConfigurations = (
				4F4A26A11BC934000077AEF5 /* Debug */,
				4F4A26A21BC934000077AEF5 /* Release */,
			);
			defaultConfigurationIsVisible = 0;
			defaultConfigurationName = Release;
		};
		4F4A26A41BC934000077AEF5 /* Build configuration list for PBXNativeTarget "watchOS2app" */ = {
			isa = XCConfigurationList;
			buildConfigurations = (
				4F4A26A51BC934000077AEF5 /* Debug */,
				4F4A26A61BC934000077AEF5 /* Release */,
			);
			defaultConfigurationIsVisible = 0;
			defaultConfigurationName = Release;
		};
		4FAFF8BE1A8BFFE500864078 /* Build configuration list for PBXProject "MovieStarts" */ = {
			isa = XCConfigurationList;
			buildConfigurations = (
				4FAFF8E21A8BFFE500864078 /* Debug */,
				4FAFF8E31A8BFFE500864078 /* Release */,
			);
			defaultConfigurationIsVisible = 0;
			defaultConfigurationName = Release;
		};
		4FAFF8E41A8BFFE500864078 /* Build configuration list for PBXNativeTarget "MovieStarts" */ = {
			isa = XCConfigurationList;
			buildConfigurations = (
				4FAFF8E51A8BFFE500864078 /* Debug */,
				4FAFF8E61A8BFFE500864078 /* Release */,
			);
			defaultConfigurationIsVisible = 0;
			defaultConfigurationName = Release;
		};
/* End XCConfigurationList section */
	};
	rootObject = 4FAFF8BB1A8BFFE500864078 /* Project object */;
}
